Microsoft Visual Studio Solution File, Format Version 12.00
# Visual Studio Version 17
VisualStudioVersion = 17.2.32616.157
MinimumVisualStudioVersion = 10.0.40219.1
Project("{2150E333-8FDC-42A3-9474-1A3956D46DE8}") = "Libraries", "Libraries", "{8DC175F0-C083-4014-86CD-19C076A26ADC}"
EndProject
Project("{8BC9CEB8-8B4A-11D0-8D11-00A0C91BC942}") = "AudioSDL", "Libraries\AudioSDL\proj\AudioSDL.vcxproj", "{3A1C94CD-CCBA-4F62-9AF1-919B10C582E6}"
EndProject
Project("{8BC9CEB8-8B4A-11D0-8D11-00A0C91BC942}") = "Common", "Libraries\common\Proj\Common.vcxproj", "{58B6753C-75DA-449A-97F9-3B26DA4B6FB5}"
	ProjectSection(ProjectDependencies) = postProject
		{8C999608-91A8-4A85-BCD8-975B65EEC5F4} = {8C999608-91A8-4A85-BCD8-975B65EEC5F4}
		{C2367211-6B3D-4ECC-9BD1-31A4E10CA7B9} = {C2367211-6B3D-4ECC-9BD1-31A4E10CA7B9}
		{9AD19308-7666-4545-9798-6A7EE1FB6284} = {9AD19308-7666-4545-9798-6A7EE1FB6284}
		{C39F4B46-6E89-4074-902E-CA57073044D2} = {C39F4B46-6E89-4074-902E-CA57073044D2}
		{99224C57-5613-46AD-91B4-A8B86989F615} = {99224C57-5613-46AD-91B4-A8B86989F615}
		{C8FF6997-B107-46E6-88E1-F804DABD9F77} = {C8FF6997-B107-46E6-88E1-F804DABD9F77}
		{C9B950BB-F1B8-4274-B077-E07B16A16F1B} = {C9B950BB-F1B8-4274-B077-E07B16A16F1B}
		{3A1C94CD-CCBA-4F62-9AF1-919B10C582E3} = {3A1C94CD-CCBA-4F62-9AF1-919B10C582E3}
	EndProjectSection
EndProject
Project("{8BC9CEB8-8B4A-11D0-8D11-00A0C91BC942}") = "cryptlib", "Libraries\Cryptopp\cryptlib.vcxproj", "{C39F4B46-6E89-4074-902E-CA57073044D2}"
EndProject
Project("{8BC9CEB8-8B4A-11D0-8D11-00A0C91BC942}") = "EncLib", "Libraries\EncLib\proj\EncLib.vcxproj", "{C8FF6997-B107-46E6-88E1-F804DABD9F77}"
EndProject
Project("{8BC9CEB8-8B4A-11D0-8D11-00A0C91BC942}") = "ICUHelper", "Libraries\ICUHelper\proj\ICUHelper.vcxproj", "{3A1C94CD-CCBA-4F62-9AF1-919B10C582E3}"
EndProject
Project("{8BC9CEB8-8B4A-11D0-8D11-00A0C91BC942}") = "InfoNet", "Libraries\InfoNet\proj\InfoNet.vcxproj", "{3AA5DEA3-24EA-4B23-92E6-3D5905FA38C6}"
EndProject
Project("{8BC9CEB8-8B4A-11D0-8D11-00A0C91BC942}") = "LIBDBC", "Libraries\Server\sdk\Proj\LIBDBC.vcxproj", "{C9B950BB-F1B8-4274-B077-E07B16A16F1B}"
EndProject
Project("{8BC9CEB8-8B4A-11D0-8D11-00A0C91BC942}") = "logutil", "Libraries\Util\src\logutil.vcxproj", "{8C999608-91A8-4A85-BCD8-975B65EEC5F4}"
	ProjectSection(ProjectDependencies) = postProject
		{C8FF6997-B107-46E6-88E1-F804DABD9F77} = {C8FF6997-B107-46E6-88E1-F804DABD9F77}
	EndProjectSection
EndProject
Project("{8BC9CEB8-8B4A-11D0-8D11-00A0C91BC942}") = "Status", "Libraries\Status\Proj\Status.vcxproj", "{1BDA542A-FAFB-4B7B-B7BD-3AD14BB78768}"
EndProject
Project("{2150E333-8FDC-42A3-9474-1A3956D46DE8}") = "Lua", "Lua", "{C6E87614-8FBE-4414-A62D-899D928CCCE6}"
EndProject
Project("{8BC9CEB8-8B4A-11D0-8D11-00A0C91BC942}") = "CaLua", "Libraries\CaLua\CaLua\CaLua.vcxproj", "{C2367211-6B3D-4ECC-9BD1-31A4E10CA7B9}"
	ProjectSection(ProjectDependencies) = postProject
		{9AD19308-7666-4545-9798-6A7EE1FB6284} = {9AD19308-7666-4545-9798-6A7EE1FB6284}
		{99224C57-5613-46AD-91B4-A8B86989F615} = {99224C57-5613-46AD-91B4-A8B86989F615}
	EndProjectSection
EndProject
Project("{8BC9CEB8-8B4A-11D0-8D11-00A0C91BC942}") = "lua50", "Libraries\CaLua\Lua\lua50.vcxproj", "{9AD19308-7666-4545-9798-6A7EE1FB6284}"
EndProject
Project("{8BC9CEB8-8B4A-11D0-8D11-00A0C91BC942}") = "lualib", "Libraries\CaLua\Lua\lualib.vcxproj", "{99224C57-5613-46AD-91B4-A8B86989F615}"
EndProject
Project("{2150E333-8FDC-42A3-9474-1A3956D46DE8}") = "Client", "Client", "{7A1D98A7-BDBD-4B7A-A503-93CA36F097DC}"
EndProject
Project("{8BC9CEB8-8B4A-11D0-8D11-00A0C91BC942}") = "Game", "Client\proj\kop.vcxproj", "{595AD564-2531-4FB6-A058-81D42E7697A4}"
	ProjectSection(ProjectDependencies) = postProject
		{8C999608-91A8-4A85-BCD8-975B65EEC5F4} = {8C999608-91A8-4A85-BCD8-975B65EEC5F4}
		{8661B70A-8D22-4082-9E71-00312294DF0F} = {8661B70A-8D22-4082-9E71-00312294DF0F}
		{C2367211-6B3D-4ECC-9BD1-31A4E10CA7B9} = {C2367211-6B3D-4ECC-9BD1-31A4E10CA7B9}
		{9AD19308-7666-4545-9798-6A7EE1FB6284} = {9AD19308-7666-4545-9798-6A7EE1FB6284}
		{1BDA542A-FAFB-4B7B-B7BD-3AD14BB78768} = {1BDA542A-FAFB-4B7B-B7BD-3AD14BB78768}
		{58B6753C-75DA-449A-97F9-3B26DA4B6FB5} = {58B6753C-75DA-449A-97F9-3B26DA4B6FB5}
		{99224C57-5613-46AD-91B4-A8B86989F615} = {99224C57-5613-46AD-91B4-A8B86989F615}
		{C8FF6997-B107-46E6-88E1-F804DABD9F77} = {C8FF6997-B107-46E6-88E1-F804DABD9F77}
		{C9B950BB-F1B8-4274-B077-E07B16A16F1B} = {C9B950BB-F1B8-4274-B077-E07B16A16F1B}
		{3A1C94CD-CCBA-4F62-9AF1-919B10C582E3} = {3A1C94CD-CCBA-4F62-9AF1-919B10C582E3}
		{3A1C94CD-CCBA-4F62-9AF1-919B10C582E6} = {3A1C94CD-CCBA-4F62-9AF1-919B10C582E6}
	EndProjectSection
EndProject
Project("{8BC9CEB8-8B4A-11D0-8D11-00A0C91BC942}") = "MindPower3D", "Engine\proj\MindPower3D.vcxproj", "{8661B70A-8D22-4082-9E71-00312294DF0F}"
	ProjectSection(ProjectDependencies) = postProject
		{8C999608-91A8-4A85-BCD8-975B65EEC5F4} = {8C999608-91A8-4A85-BCD8-975B65EEC5F4}
		{58B6753C-75DA-449A-97F9-3B26DA4B6FB5} = {58B6753C-75DA-449A-97F9-3B26DA4B6FB5}
		{C39F4B46-6E89-4074-902E-CA57073044D2} = {C39F4B46-6E89-4074-902E-CA57073044D2}
	EndProjectSection
EndProject
Project("{2150E333-8FDC-42A3-9474-1A3956D46DE8}") = "Server", "Server", "{08875020-0735-4B4B-8529-B3B103E05C4A}"
EndProject
Project("{8BC9CEB8-8B4A-11D0-8D11-00A0C91BC942}") = "AccountServer", "Server\AccountServer\Proj\AccountServer.vcxproj", "{A2C79674-2511-4784-B82C-D75DE84C7FFE}"
	ProjectSection(ProjectDependencies) = postProject
		{8C999608-91A8-4A85-BCD8-975B65EEC5F4} = {8C999608-91A8-4A85-BCD8-975B65EEC5F4}
		{58B6753C-75DA-449A-97F9-3B26DA4B6FB5} = {58B6753C-75DA-449A-97F9-3B26DA4B6FB5}
		{C9B950BB-F1B8-4274-B077-E07B16A16F1B} = {C9B950BB-F1B8-4274-B077-E07B16A16F1B}
		{3A1C94CD-CCBA-4F62-9AF1-919B10C582E3} = {3A1C94CD-CCBA-4F62-9AF1-919B10C582E3}
	EndProjectSection
EndProject
Project("{8BC9CEB8-8B4A-11D0-8D11-00A0C91BC942}") = "GateServer", "Server\GateServer\Proj\GateServer.vcxproj", "{8737C6B2-208B-40A8-9EB4-D20EDF2267FE}"
	ProjectSection(ProjectDependencies) = postProject
		{8C999608-91A8-4A85-BCD8-975B65EEC5F4} = {8C999608-91A8-4A85-BCD8-975B65EEC5F4}
		{1BDA542A-FAFB-4B7B-B7BD-3AD14BB78768} = {1BDA542A-FAFB-4B7B-B7BD-3AD14BB78768}
		{58B6753C-75DA-449A-97F9-3B26DA4B6FB5} = {58B6753C-75DA-449A-97F9-3B26DA4B6FB5}
		{C39F4B46-6E89-4074-902E-CA57073044D2} = {C39F4B46-6E89-4074-902E-CA57073044D2}
		{C9B950BB-F1B8-4274-B077-E07B16A16F1B} = {C9B950BB-F1B8-4274-B077-E07B16A16F1B}
		{3A1C94CD-CCBA-4F62-9AF1-919B10C582E3} = {3A1C94CD-CCBA-4F62-9AF1-919B10C582E3}
	EndProjectSection
EndProject
Project("{8BC9CEB8-8B4A-11D0-8D11-00A0C91BC942}") = "GroupServer", "Server\GroupServer\Proj\GroupServer.vcxproj", "{87F3072F-D5DD-436D-8590-4A319891DAD8}"
	ProjectSection(ProjectDependencies) = postProject
		{8C999608-91A8-4A85-BCD8-975B65EEC5F4} = {8C999608-91A8-4A85-BCD8-975B65EEC5F4}
		{1BDA542A-FAFB-4B7B-B7BD-3AD14BB78768} = {1BDA542A-FAFB-4B7B-B7BD-3AD14BB78768}
		{58B6753C-75DA-449A-97F9-3B26DA4B6FB5} = {58B6753C-75DA-449A-97F9-3B26DA4B6FB5}
		{C9B950BB-F1B8-4274-B077-E07B16A16F1B} = {C9B950BB-F1B8-4274-B077-E07B16A16F1B}
		{3A1C94CD-CCBA-4F62-9AF1-919B10C582E3} = {3A1C94CD-CCBA-4F62-9AF1-919B10C582E3}
	EndProjectSection
EndProject
Project("{8BC9CEB8-8B4A-11D0-8D11-00A0C91BC942}") = "GameServer", "Server\GameServer\Proj\GameServer.vcxproj", "{525C57F1-D1F3-4AD2-B31D-F63CEEBA8BA6}"
	ProjectSection(ProjectDependencies) = postProject
		{8C999608-91A8-4A85-BCD8-975B65EEC5F4} = {8C999608-91A8-4A85-BCD8-975B65EEC5F4}
		{58B6753C-75DA-449A-97F9-3B26DA4B6FB5} = {58B6753C-75DA-449A-97F9-3B26DA4B6FB5}
		{3AA5DEA3-24EA-4B23-92E6-3D5905FA38C6} = {3AA5DEA3-24EA-4B23-92E6-3D5905FA38C6}
		{C9B950BB-F1B8-4274-B077-E07B16A16F1B} = {C9B950BB-F1B8-4274-B077-E07B16A16F1B}
		{3A1C94CD-CCBA-4F62-9AF1-919B10C582E3} = {3A1C94CD-CCBA-4F62-9AF1-919B10C582E3}
	EndProjectSection
EndProject
Global
	GlobalSection(SolutionConfigurationPlatforms) = preSolution
		Debug Client|x64 = Debug Client|x64
		Debug Client|x86 = Debug Client|x86
		Debug|x64 = Debug|x64
		Debug|x86 = Debug|x86
		DLL-Import Debug|x64 = DLL-Import Debug|x64
		DLL-Import Debug|x86 = DLL-Import Debug|x86
		DLL-Import Release|x64 = DLL-Import Release|x64
		DLL-Import Release|x86 = DLL-Import Release|x86
		Editor|x64 = Editor|x64
		Editor|x86 = Editor|x86
		IOCP_Release|x64 = IOCP_Release|x64
		IOCP_Release|x86 = IOCP_Release|x86
		Long_Struct_Debug|x64 = Long_Struct_Debug|x64
		Long_Struct_Debug|x86 = Long_Struct_Debug|x86
		Long_Struct_Release|x64 = Long_Struct_Release|x64
		Long_Struct_Release|x86 = Long_Struct_Release|x86
		Publish|x64 = Publish|x64
		Publish|x86 = Publish|x86
		Release Client|x64 = Release Client|x64
		Release Client|x86 = Release Client|x86
		Release|x64 = Release|x64
		Release|x86 = Release|x86
		Static Library|x64 = Static Library|x64
		Static Library|x86 = Static Library|x86
	EndGlobalSection
	GlobalSection(ProjectConfigurationPlatforms) = postSolution
		{3A1C94CD-CCBA-4F62-9AF1-919B10C582E6}.Debug Client|x64.ActiveCfg = Release|Win32
		{3A1C94CD-CCBA-4F62-9AF1-919B10C582E6}.Debug Client|x64.Build.0 = Release|Win32
		{3A1C94CD-CCBA-4F62-9AF1-919B10C582E6}.Debug Client|x86.ActiveCfg = Debug|Win32
		{3A1C94CD-CCBA-4F62-9AF1-919B10C582E6}.Debug Client|x86.Build.0 = Debug|Win32
		{3A1C94CD-CCBA-4F62-9AF1-919B10C582E6}.Debug|x64.ActiveCfg = Debug|Win32
		{3A1C94CD-CCBA-4F62-9AF1-919B10C582E6}.Debug|x64.Build.0 = Debug|Win32
		{3A1C94CD-CCBA-4F62-9AF1-919B10C582E6}.Debug|x86.ActiveCfg = Debug|Win32
		{3A1C94CD-CCBA-4F62-9AF1-919B10C582E6}.Debug|x86.Build.0 = Debug|Win32
		{3A1C94CD-CCBA-4F62-9AF1-919B10C582E6}.DLL-Import Debug|x64.ActiveCfg = Release|Win32
		{3A1C94CD-CCBA-4F62-9AF1-919B10C582E6}.DLL-Import Debug|x64.Build.0 = Release|Win32
		{3A1C94CD-CCBA-4F62-9AF1-919B10C582E6}.DLL-Import Debug|x86.ActiveCfg = Debug|Win32
		{3A1C94CD-CCBA-4F62-9AF1-919B10C582E6}.DLL-Import Debug|x86.Build.0 = Debug|Win32
		{3A1C94CD-CCBA-4F62-9AF1-919B10C582E6}.DLL-Import Release|x64.ActiveCfg = Release|Win32
		{3A1C94CD-CCBA-4F62-9AF1-919B10C582E6}.DLL-Import Release|x64.Build.0 = Release|Win32
		{3A1C94CD-CCBA-4F62-9AF1-919B10C582E6}.DLL-Import Release|x86.ActiveCfg = Release|Win32
		{3A1C94CD-CCBA-4F62-9AF1-919B10C582E6}.DLL-Import Release|x86.Build.0 = Release|Win32
		{3A1C94CD-CCBA-4F62-9AF1-919B10C582E6}.Editor|x64.ActiveCfg = Release|Win32
		{3A1C94CD-CCBA-4F62-9AF1-919B10C582E6}.Editor|x64.Build.0 = Release|Win32
		{3A1C94CD-CCBA-4F62-9AF1-919B10C582E6}.Editor|x86.ActiveCfg = Debug|Win32
		{3A1C94CD-CCBA-4F62-9AF1-919B10C582E6}.Editor|x86.Build.0 = Debug|Win32
		{3A1C94CD-CCBA-4F62-9AF1-919B10C582E6}.IOCP_Release|x64.ActiveCfg = Release|Win32
		{3A1C94CD-CCBA-4F62-9AF1-919B10C582E6}.IOCP_Release|x64.Build.0 = Release|Win32
		{3A1C94CD-CCBA-4F62-9AF1-919B10C582E6}.IOCP_Release|x86.ActiveCfg = Release|Win32
		{3A1C94CD-CCBA-4F62-9AF1-919B10C582E6}.IOCP_Release|x86.Build.0 = Release|Win32
		{3A1C94CD-CCBA-4F62-9AF1-919B10C582E6}.Long_Struct_Debug|x64.ActiveCfg = Release|Win32
		{3A1C94CD-CCBA-4F62-9AF1-919B10C582E6}.Long_Struct_Debug|x64.Build.0 = Release|Win32
		{3A1C94CD-CCBA-4F62-9AF1-919B10C582E6}.Long_Struct_Debug|x86.ActiveCfg = Debug|Win32
		{3A1C94CD-CCBA-4F62-9AF1-919B10C582E6}.Long_Struct_Debug|x86.Build.0 = Debug|Win32
		{3A1C94CD-CCBA-4F62-9AF1-919B10C582E6}.Long_Struct_Release|x64.ActiveCfg = Release|Win32
		{3A1C94CD-CCBA-4F62-9AF1-919B10C582E6}.Long_Struct_Release|x64.Build.0 = Release|Win32
		{3A1C94CD-CCBA-4F62-9AF1-919B10C582E6}.Long_Struct_Release|x86.ActiveCfg = Release|Win32
		{3A1C94CD-CCBA-4F62-9AF1-919B10C582E6}.Long_Struct_Release|x86.Build.0 = Release|Win32
		{3A1C94CD-CCBA-4F62-9AF1-919B10C582E6}.Publish|x64.ActiveCfg = Release|Win32
		{3A1C94CD-CCBA-4F62-9AF1-919B10C582E6}.Publish|x64.Build.0 = Release|Win32
		{3A1C94CD-CCBA-4F62-9AF1-919B10C582E6}.Publish|x86.ActiveCfg = Debug|Win32
		{3A1C94CD-CCBA-4F62-9AF1-919B10C582E6}.Publish|x86.Build.0 = Debug|Win32
		{3A1C94CD-CCBA-4F62-9AF1-919B10C582E6}.Release Client|x64.ActiveCfg = Release|Win32
		{3A1C94CD-CCBA-4F62-9AF1-919B10C582E6}.Release Client|x64.Build.0 = Release|Win32
		{3A1C94CD-CCBA-4F62-9AF1-919B10C582E6}.Release Client|x86.ActiveCfg = Release|Win32
		{3A1C94CD-CCBA-4F62-9AF1-919B10C582E6}.Release Client|x86.Build.0 = Release|Win32
		{3A1C94CD-CCBA-4F62-9AF1-919B10C582E6}.Release|x64.ActiveCfg = Release|Win32
		{3A1C94CD-CCBA-4F62-9AF1-919B10C582E6}.Release|x64.Build.0 = Release|Win32
		{3A1C94CD-CCBA-4F62-9AF1-919B10C582E6}.Release|x86.ActiveCfg = Release|Win32
		{3A1C94CD-CCBA-4F62-9AF1-919B10C582E6}.Release|x86.Build.0 = Release|Win32
		{3A1C94CD-CCBA-4F62-9AF1-919B10C582E6}.Static Library|x64.ActiveCfg = Release|Win32
		{3A1C94CD-CCBA-4F62-9AF1-919B10C582E6}.Static Library|x64.Build.0 = Release|Win32
		{3A1C94CD-CCBA-4F62-9AF1-919B10C582E6}.Static Library|x86.ActiveCfg = Debug|Win32
		{3A1C94CD-CCBA-4F62-9AF1-919B10C582E6}.Static Library|x86.Build.0 = Debug|Win32
		{58B6753C-75DA-449A-97F9-3B26DA4B6FB5}.Debug Client|x64.ActiveCfg = Long_Struct_Release|Win32
		{58B6753C-75DA-449A-97F9-3B26DA4B6FB5}.Debug Client|x64.Build.0 = Long_Struct_Release|Win32
		{58B6753C-75DA-449A-97F9-3B26DA4B6FB5}.Debug Client|x86.ActiveCfg = Long_Struct_Debug|Win32
		{58B6753C-75DA-449A-97F9-3B26DA4B6FB5}.Debug Client|x86.Build.0 = Long_Struct_Debug|Win32
		{58B6753C-75DA-449A-97F9-3B26DA4B6FB5}.Debug|x64.ActiveCfg = Long_Struct_Release|Win32
		{58B6753C-75DA-449A-97F9-3B26DA4B6FB5}.Debug|x64.Build.0 = Long_Struct_Release|Win32
		{58B6753C-75DA-449A-97F9-3B26DA4B6FB5}.Debug|x86.ActiveCfg = Long_Struct_Debug|Win32
		{58B6753C-75DA-449A-97F9-3B26DA4B6FB5}.Debug|x86.Build.0 = Long_Struct_Debug|Win32
		{58B6753C-75DA-449A-97F9-3B26DA4B6FB5}.DLL-Import Debug|x64.ActiveCfg = Long_Struct_Release|Win32
		{58B6753C-75DA-449A-97F9-3B26DA4B6FB5}.DLL-Import Debug|x64.Build.0 = Long_Struct_Release|Win32
		{58B6753C-75DA-449A-97F9-3B26DA4B6FB5}.DLL-Import Debug|x86.ActiveCfg = Long_Struct_Release|Win32
		{58B6753C-75DA-449A-97F9-3B26DA4B6FB5}.DLL-Import Debug|x86.Build.0 = Long_Struct_Release|Win32
		{58B6753C-75DA-449A-97F9-3B26DA4B6FB5}.DLL-Import Release|x64.ActiveCfg = Long_Struct_Release|Win32
		{58B6753C-75DA-449A-97F9-3B26DA4B6FB5}.DLL-Import Release|x64.Build.0 = Long_Struct_Release|Win32
		{58B6753C-75DA-449A-97F9-3B26DA4B6FB5}.DLL-Import Release|x86.ActiveCfg = Long_Struct_Release|Win32
		{58B6753C-75DA-449A-97F9-3B26DA4B6FB5}.DLL-Import Release|x86.Build.0 = Long_Struct_Release|Win32
		{58B6753C-75DA-449A-97F9-3B26DA4B6FB5}.Editor|x64.ActiveCfg = Long_Struct_Release|Win32
		{58B6753C-75DA-449A-97F9-3B26DA4B6FB5}.Editor|x64.Build.0 = Long_Struct_Release|Win32
		{58B6753C-75DA-449A-97F9-3B26DA4B6FB5}.Editor|x86.ActiveCfg = Long_Struct_Release|Win32
		{58B6753C-75DA-449A-97F9-3B26DA4B6FB5}.Editor|x86.Build.0 = Long_Struct_Release|Win32
		{58B6753C-75DA-449A-97F9-3B26DA4B6FB5}.IOCP_Release|x64.ActiveCfg = Long_Struct_Debug|Win32
		{58B6753C-75DA-449A-97F9-3B26DA4B6FB5}.IOCP_Release|x64.Build.0 = Long_Struct_Debug|Win32
		{58B6753C-75DA-449A-97F9-3B26DA4B6FB5}.IOCP_Release|x86.ActiveCfg = Long_Struct_Release|Win32
		{58B6753C-75DA-449A-97F9-3B26DA4B6FB5}.IOCP_Release|x86.Build.0 = Long_Struct_Release|Win32
		{58B6753C-75DA-449A-97F9-3B26DA4B6FB5}.Long_Struct_Debug|x64.ActiveCfg = Long_Struct_Debug|Win32
		{58B6753C-75DA-449A-97F9-3B26DA4B6FB5}.Long_Struct_Debug|x86.ActiveCfg = Long_Struct_Debug|Win32
		{58B6753C-75DA-449A-97F9-3B26DA4B6FB5}.Long_Struct_Debug|x86.Build.0 = Long_Struct_Debug|Win32
		{58B6753C-75DA-449A-97F9-3B26DA4B6FB5}.Long_Struct_Release|x64.ActiveCfg = Long_Struct_Release|Win32
		{58B6753C-75DA-449A-97F9-3B26DA4B6FB5}.Long_Struct_Release|x86.ActiveCfg = Long_Struct_Release|Win32
		{58B6753C-75DA-449A-97F9-3B26DA4B6FB5}.Long_Struct_Release|x86.Build.0 = Long_Struct_Release|Win32
		{58B6753C-75DA-449A-97F9-3B26DA4B6FB5}.Publish|x64.ActiveCfg = Long_Struct_Debug|Win32
		{58B6753C-75DA-449A-97F9-3B26DA4B6FB5}.Publish|x64.Build.0 = Long_Struct_Debug|Win32
		{58B6753C-75DA-449A-97F9-3B26DA4B6FB5}.Publish|x86.ActiveCfg = Long_Struct_Release|Win32
		{58B6753C-75DA-449A-97F9-3B26DA4B6FB5}.Publish|x86.Build.0 = Long_Struct_Release|Win32
		{58B6753C-75DA-449A-97F9-3B26DA4B6FB5}.Release Client|x64.ActiveCfg = Long_Struct_Debug|Win32
		{58B6753C-75DA-449A-97F9-3B26DA4B6FB5}.Release Client|x64.Build.0 = Long_Struct_Debug|Win32
		{58B6753C-75DA-449A-97F9-3B26DA4B6FB5}.Release Client|x86.ActiveCfg = Long_Struct_Release|Win32
		{58B6753C-75DA-449A-97F9-3B26DA4B6FB5}.Release Client|x86.Build.0 = Long_Struct_Release|Win32
		{58B6753C-75DA-449A-97F9-3B26DA4B6FB5}.Release|x64.ActiveCfg = Long_Struct_Debug|Win32
		{58B6753C-75DA-449A-97F9-3B26DA4B6FB5}.Release|x64.Build.0 = Long_Struct_Debug|Win32
		{58B6753C-75DA-449A-97F9-3B26DA4B6FB5}.Release|x86.ActiveCfg = Long_Struct_Release|Win32
		{58B6753C-75DA-449A-97F9-3B26DA4B6FB5}.Release|x86.Build.0 = Long_Struct_Release|Win32
		{58B6753C-75DA-449A-97F9-3B26DA4B6FB5}.Static Library|x64.ActiveCfg = Long_Struct_Debug|Win32
		{58B6753C-75DA-449A-97F9-3B26DA4B6FB5}.Static Library|x64.Build.0 = Long_Struct_Debug|Win32
		{58B6753C-75DA-449A-97F9-3B26DA4B6FB5}.Static Library|x86.ActiveCfg = Long_Struct_Release|Win32
		{58B6753C-75DA-449A-97F9-3B26DA4B6FB5}.Static Library|x86.Build.0 = Long_Struct_Release|Win32
		{C39F4B46-6E89-4074-902E-CA57073044D2}.Debug Client|x64.ActiveCfg = Debug|x64
		{C39F4B46-6E89-4074-902E-CA57073044D2}.Debug Client|x64.Build.0 = Debug|x64
		{C39F4B46-6E89-4074-902E-CA57073044D2}.Debug Client|x86.ActiveCfg = Debug|Win32
		{C39F4B46-6E89-4074-902E-CA57073044D2}.Debug Client|x86.Build.0 = Debug|Win32
		{C39F4B46-6E89-4074-902E-CA57073044D2}.Debug|x64.ActiveCfg = Debug|x64
		{C39F4B46-6E89-4074-902E-CA57073044D2}.Debug|x64.Build.0 = Debug|x64
		{C39F4B46-6E89-4074-902E-CA57073044D2}.Debug|x86.ActiveCfg = Debug|Win32
		{C39F4B46-6E89-4074-902E-CA57073044D2}.Debug|x86.Build.0 = Debug|Win32
		{C39F4B46-6E89-4074-902E-CA57073044D2}.DLL-Import Debug|x64.ActiveCfg = DLL-Import Debug|x64
		{C39F4B46-6E89-4074-902E-CA57073044D2}.DLL-Import Debug|x64.Build.0 = DLL-Import Debug|x64
		{C39F4B46-6E89-4074-902E-CA57073044D2}.DLL-Import Debug|x86.ActiveCfg = DLL-Import Debug|Win32
		{C39F4B46-6E89-4074-902E-CA57073044D2}.DLL-Import Debug|x86.Build.0 = DLL-Import Debug|Win32
		{C39F4B46-6E89-4074-902E-CA57073044D2}.DLL-Import Release|x64.ActiveCfg = DLL-Import Release|x64
		{C39F4B46-6E89-4074-902E-CA57073044D2}.DLL-Import Release|x64.Build.0 = DLL-Import Release|x64
		{C39F4B46-6E89-4074-902E-CA57073044D2}.DLL-Import Release|x86.ActiveCfg = DLL-Import Release|Win32
		{C39F4B46-6E89-4074-902E-CA57073044D2}.DLL-Import Release|x86.Build.0 = DLL-Import Release|Win32
		{C39F4B46-6E89-4074-902E-CA57073044D2}.Editor|x64.ActiveCfg = DLL-Import Debug|x64
		{C39F4B46-6E89-4074-902E-CA57073044D2}.Editor|x64.Build.0 = DLL-Import Debug|x64
		{C39F4B46-6E89-4074-902E-CA57073044D2}.Editor|x86.ActiveCfg = Debug|Win32
		{C39F4B46-6E89-4074-902E-CA57073044D2}.Editor|x86.Build.0 = Debug|Win32
		{C39F4B46-6E89-4074-902E-CA57073044D2}.IOCP_Release|x64.ActiveCfg = Release|x64
		{C39F4B46-6E89-4074-902E-CA57073044D2}.IOCP_Release|x64.Build.0 = Release|x64
		{C39F4B46-6E89-4074-902E-CA57073044D2}.IOCP_Release|x86.ActiveCfg = Release|Win32
		{C39F4B46-6E89-4074-902E-CA57073044D2}.IOCP_Release|x86.Build.0 = Release|Win32
		{C39F4B46-6E89-4074-902E-CA57073044D2}.Long_Struct_Debug|x64.ActiveCfg = Debug|x64
		{C39F4B46-6E89-4074-902E-CA57073044D2}.Long_Struct_Debug|x64.Build.0 = Debug|x64
		{C39F4B46-6E89-4074-902E-CA57073044D2}.Long_Struct_Debug|x86.ActiveCfg = Debug|Win32
		{C39F4B46-6E89-4074-902E-CA57073044D2}.Long_Struct_Debug|x86.Build.0 = Debug|Win32
		{C39F4B46-6E89-4074-902E-CA57073044D2}.Long_Struct_Release|x64.ActiveCfg = Release|x64
		{C39F4B46-6E89-4074-902E-CA57073044D2}.Long_Struct_Release|x64.Build.0 = Release|x64
		{C39F4B46-6E89-4074-902E-CA57073044D2}.Long_Struct_Release|x86.ActiveCfg = Release|Win32
		{C39F4B46-6E89-4074-902E-CA57073044D2}.Long_Struct_Release|x86.Build.0 = Release|Win32
		{C39F4B46-6E89-4074-902E-CA57073044D2}.Publish|x64.ActiveCfg = DLL-Import Debug|x64
		{C39F4B46-6E89-4074-902E-CA57073044D2}.Publish|x64.Build.0 = DLL-Import Debug|x64
		{C39F4B46-6E89-4074-902E-CA57073044D2}.Publish|x86.ActiveCfg = Debug|Win32
		{C39F4B46-6E89-4074-902E-CA57073044D2}.Publish|x86.Build.0 = Debug|Win32
		{C39F4B46-6E89-4074-902E-CA57073044D2}.Release Client|x64.ActiveCfg = Release|x64
		{C39F4B46-6E89-4074-902E-CA57073044D2}.Release Client|x64.Build.0 = Release|x64
		{C39F4B46-6E89-4074-902E-CA57073044D2}.Release Client|x86.ActiveCfg = Release|Win32
		{C39F4B46-6E89-4074-902E-CA57073044D2}.Release Client|x86.Build.0 = Release|Win32
		{C39F4B46-6E89-4074-902E-CA57073044D2}.Release|x64.ActiveCfg = Release|x64
		{C39F4B46-6E89-4074-902E-CA57073044D2}.Release|x64.Build.0 = Release|x64
		{C39F4B46-6E89-4074-902E-CA57073044D2}.Release|x86.ActiveCfg = Release|Win32
		{C39F4B46-6E89-4074-902E-CA57073044D2}.Release|x86.Build.0 = Release|Win32
		{C39F4B46-6E89-4074-902E-CA57073044D2}.Static Library|x64.ActiveCfg = DLL-Import Debug|x64
		{C39F4B46-6E89-4074-902E-CA57073044D2}.Static Library|x64.Build.0 = DLL-Import Debug|x64
		{C39F4B46-6E89-4074-902E-CA57073044D2}.Static Library|x86.ActiveCfg = Debug|Win32
		{C39F4B46-6E89-4074-902E-CA57073044D2}.Static Library|x86.Build.0 = Debug|Win32
		{C8FF6997-B107-46E6-88E1-F804DABD9F77}.Debug Client|x64.ActiveCfg = Release|Win32
		{C8FF6997-B107-46E6-88E1-F804DABD9F77}.Debug Client|x64.Build.0 = Release|Win32
		{C8FF6997-B107-46E6-88E1-F804DABD9F77}.Debug Client|x86.ActiveCfg = Debug|Win32
		{C8FF6997-B107-46E6-88E1-F804DABD9F77}.Debug Client|x86.Build.0 = Debug|Win32
		{C8FF6997-B107-46E6-88E1-F804DABD9F77}.Debug|x64.ActiveCfg = Debug|Win32
		{C8FF6997-B107-46E6-88E1-F804DABD9F77}.Debug|x64.Build.0 = Debug|Win32
		{C8FF6997-B107-46E6-88E1-F804DABD9F77}.Debug|x86.ActiveCfg = Debug|Win32
		{C8FF6997-B107-46E6-88E1-F804DABD9F77}.Debug|x86.Build.0 = Debug|Win32
		{C8FF6997-B107-46E6-88E1-F804DABD9F77}.DLL-Import Debug|x64.ActiveCfg = Release|Win32
		{C8FF6997-B107-46E6-88E1-F804DABD9F77}.DLL-Import Debug|x64.Build.0 = Release|Win32
		{C8FF6997-B107-46E6-88E1-F804DABD9F77}.DLL-Import Debug|x86.ActiveCfg = Debug|Win32
		{C8FF6997-B107-46E6-88E1-F804DABD9F77}.DLL-Import Debug|x86.Build.0 = Debug|Win32
		{C8FF6997-B107-46E6-88E1-F804DABD9F77}.DLL-Import Release|x64.ActiveCfg = Release|Win32
		{C8FF6997-B107-46E6-88E1-F804DABD9F77}.DLL-Import Release|x64.Build.0 = Release|Win32
		{C8FF6997-B107-46E6-88E1-F804DABD9F77}.DLL-Import Release|x86.ActiveCfg = Release|Win32
		{C8FF6997-B107-46E6-88E1-F804DABD9F77}.DLL-Import Release|x86.Build.0 = Release|Win32
		{C8FF6997-B107-46E6-88E1-F804DABD9F77}.Editor|x64.ActiveCfg = Release|Win32
		{C8FF6997-B107-46E6-88E1-F804DABD9F77}.Editor|x64.Build.0 = Release|Win32
		{C8FF6997-B107-46E6-88E1-F804DABD9F77}.Editor|x86.ActiveCfg = Release|Win32
		{C8FF6997-B107-46E6-88E1-F804DABD9F77}.Editor|x86.Build.0 = Release|Win32
		{C8FF6997-B107-46E6-88E1-F804DABD9F77}.IOCP_Release|x64.ActiveCfg = Release|Win32
		{C8FF6997-B107-46E6-88E1-F804DABD9F77}.IOCP_Release|x64.Build.0 = Release|Win32
		{C8FF6997-B107-46E6-88E1-F804DABD9F77}.IOCP_Release|x86.ActiveCfg = Release|Win32
		{C8FF6997-B107-46E6-88E1-F804DABD9F77}.IOCP_Release|x86.Build.0 = Release|Win32
		{C8FF6997-B107-46E6-88E1-F804DABD9F77}.Long_Struct_Debug|x64.ActiveCfg = Release|Win32
		{C8FF6997-B107-46E6-88E1-F804DABD9F77}.Long_Struct_Debug|x64.Build.0 = Release|Win32
		{C8FF6997-B107-46E6-88E1-F804DABD9F77}.Long_Struct_Debug|x86.ActiveCfg = Debug|Win32
		{C8FF6997-B107-46E6-88E1-F804DABD9F77}.Long_Struct_Debug|x86.Build.0 = Debug|Win32
		{C8FF6997-B107-46E6-88E1-F804DABD9F77}.Long_Struct_Release|x64.ActiveCfg = Release|Win32
		{C8FF6997-B107-46E6-88E1-F804DABD9F77}.Long_Struct_Release|x64.Build.0 = Release|Win32
		{C8FF6997-B107-46E6-88E1-F804DABD9F77}.Long_Struct_Release|x86.ActiveCfg = Release|Win32
		{C8FF6997-B107-46E6-88E1-F804DABD9F77}.Long_Struct_Release|x86.Build.0 = Release|Win32
		{C8FF6997-B107-46E6-88E1-F804DABD9F77}.Publish|x64.ActiveCfg = Release|Win32
		{C8FF6997-B107-46E6-88E1-F804DABD9F77}.Publish|x64.Build.0 = Release|Win32
		{C8FF6997-B107-46E6-88E1-F804DABD9F77}.Publish|x86.ActiveCfg = Release|Win32
		{C8FF6997-B107-46E6-88E1-F804DABD9F77}.Publish|x86.Build.0 = Release|Win32
		{C8FF6997-B107-46E6-88E1-F804DABD9F77}.Release Client|x64.ActiveCfg = Release|Win32
		{C8FF6997-B107-46E6-88E1-F804DABD9F77}.Release Client|x64.Build.0 = Release|Win32
		{C8FF6997-B107-46E6-88E1-F804DABD9F77}.Release Client|x86.ActiveCfg = Release|Win32
		{C8FF6997-B107-46E6-88E1-F804DABD9F77}.Release Client|x86.Build.0 = Release|Win32
		{C8FF6997-B107-46E6-88E1-F804DABD9F77}.Release|x64.ActiveCfg = Release|Win32
		{C8FF6997-B107-46E6-88E1-F804DABD9F77}.Release|x64.Build.0 = Release|Win32
		{C8FF6997-B107-46E6-88E1-F804DABD9F77}.Release|x86.ActiveCfg = Release|Win32
		{C8FF6997-B107-46E6-88E1-F804DABD9F77}.Release|x86.Build.0 = Release|Win32
		{C8FF6997-B107-46E6-88E1-F804DABD9F77}.Static Library|x64.ActiveCfg = Release|Win32
		{C8FF6997-B107-46E6-88E1-F804DABD9F77}.Static Library|x64.Build.0 = Release|Win32
		{C8FF6997-B107-46E6-88E1-F804DABD9F77}.Static Library|x86.ActiveCfg = Debug|Win32
		{C8FF6997-B107-46E6-88E1-F804DABD9F77}.Static Library|x86.Build.0 = Debug|Win32
		{3A1C94CD-CCBA-4F62-9AF1-919B10C582E3}.Debug Client|x64.ActiveCfg = Release|Win32
		{3A1C94CD-CCBA-4F62-9AF1-919B10C582E3}.Debug Client|x64.Build.0 = Release|Win32
		{3A1C94CD-CCBA-4F62-9AF1-919B10C582E3}.Debug Client|x86.ActiveCfg = Debug|Win32
		{3A1C94CD-CCBA-4F62-9AF1-919B10C582E3}.Debug Client|x86.Build.0 = Debug|Win32
		{3A1C94CD-CCBA-4F62-9AF1-919B10C582E3}.Debug|x64.ActiveCfg = Debug|Win32
		{3A1C94CD-CCBA-4F62-9AF1-919B10C582E3}.Debug|x64.Build.0 = Debug|Win32
		{3A1C94CD-CCBA-4F62-9AF1-919B10C582E3}.Debug|x86.ActiveCfg = Debug|Win32
		{3A1C94CD-CCBA-4F62-9AF1-919B10C582E3}.Debug|x86.Build.0 = Debug|Win32
		{3A1C94CD-CCBA-4F62-9AF1-919B10C582E3}.DLL-Import Debug|x64.ActiveCfg = Release|Win32
		{3A1C94CD-CCBA-4F62-9AF1-919B10C582E3}.DLL-Import Debug|x64.Build.0 = Release|Win32
		{3A1C94CD-CCBA-4F62-9AF1-919B10C582E3}.DLL-Import Debug|x86.ActiveCfg = Debug|Win32
		{3A1C94CD-CCBA-4F62-9AF1-919B10C582E3}.DLL-Import Debug|x86.Build.0 = Debug|Win32
		{3A1C94CD-CCBA-4F62-9AF1-919B10C582E3}.DLL-Import Release|x64.ActiveCfg = Release|Win32
		{3A1C94CD-CCBA-4F62-9AF1-919B10C582E3}.DLL-Import Release|x64.Build.0 = Release|Win32
		{3A1C94CD-CCBA-4F62-9AF1-919B10C582E3}.DLL-Import Release|x86.ActiveCfg = Release|Win32
		{3A1C94CD-CCBA-4F62-9AF1-919B10C582E3}.DLL-Import Release|x86.Build.0 = Release|Win32
		{3A1C94CD-CCBA-4F62-9AF1-919B10C582E3}.Editor|x64.ActiveCfg = Release|Win32
		{3A1C94CD-CCBA-4F62-9AF1-919B10C582E3}.Editor|x64.Build.0 = Release|Win32
		{3A1C94CD-CCBA-4F62-9AF1-919B10C582E3}.Editor|x86.ActiveCfg = Debug|Win32
		{3A1C94CD-CCBA-4F62-9AF1-919B10C582E3}.Editor|x86.Build.0 = Debug|Win32
		{3A1C94CD-CCBA-4F62-9AF1-919B10C582E3}.IOCP_Release|x64.ActiveCfg = Release|Win32
		{3A1C94CD-CCBA-4F62-9AF1-919B10C582E3}.IOCP_Release|x64.Build.0 = Release|Win32
		{3A1C94CD-CCBA-4F62-9AF1-919B10C582E3}.IOCP_Release|x86.ActiveCfg = Release|Win32
		{3A1C94CD-CCBA-4F62-9AF1-919B10C582E3}.IOCP_Release|x86.Build.0 = Release|Win32
		{3A1C94CD-CCBA-4F62-9AF1-919B10C582E3}.Long_Struct_Debug|x64.ActiveCfg = Release|Win32
		{3A1C94CD-CCBA-4F62-9AF1-919B10C582E3}.Long_Struct_Debug|x64.Build.0 = Release|Win32
		{3A1C94CD-CCBA-4F62-9AF1-919B10C582E3}.Long_Struct_Debug|x86.ActiveCfg = Debug|Win32
		{3A1C94CD-CCBA-4F62-9AF1-919B10C582E3}.Long_Struct_Debug|x86.Build.0 = Debug|Win32
		{3A1C94CD-CCBA-4F62-9AF1-919B10C582E3}.Long_Struct_Release|x64.ActiveCfg = Release|Win32
		{3A1C94CD-CCBA-4F62-9AF1-919B10C582E3}.Long_Struct_Release|x64.Build.0 = Release|Win32
		{3A1C94CD-CCBA-4F62-9AF1-919B10C582E3}.Long_Struct_Release|x86.ActiveCfg = Release|Win32
		{3A1C94CD-CCBA-4F62-9AF1-919B10C582E3}.Long_Struct_Release|x86.Build.0 = Release|Win32
		{3A1C94CD-CCBA-4F62-9AF1-919B10C582E3}.Publish|x64.ActiveCfg = Release|Win32
		{3A1C94CD-CCBA-4F62-9AF1-919B10C582E3}.Publish|x64.Build.0 = Release|Win32
		{3A1C94CD-CCBA-4F62-9AF1-919B10C582E3}.Publish|x86.ActiveCfg = Debug|Win32
		{3A1C94CD-CCBA-4F62-9AF1-919B10C582E3}.Publish|x86.Build.0 = Debug|Win32
		{3A1C94CD-CCBA-4F62-9AF1-919B10C582E3}.Release Client|x64.ActiveCfg = Release|Win32
		{3A1C94CD-CCBA-4F62-9AF1-919B10C582E3}.Release Client|x64.Build.0 = Release|Win32
		{3A1C94CD-CCBA-4F62-9AF1-919B10C582E3}.Release Client|x86.ActiveCfg = Release|Win32
		{3A1C94CD-CCBA-4F62-9AF1-919B10C582E3}.Release Client|x86.Build.0 = Release|Win32
		{3A1C94CD-CCBA-4F62-9AF1-919B10C582E3}.Release|x64.ActiveCfg = Release|Win32
		{3A1C94CD-CCBA-4F62-9AF1-919B10C582E3}.Release|x64.Build.0 = Release|Win32
		{3A1C94CD-CCBA-4F62-9AF1-919B10C582E3}.Release|x86.ActiveCfg = Release|Win32
		{3A1C94CD-CCBA-4F62-9AF1-919B10C582E3}.Release|x86.Build.0 = Release|Win32
		{3A1C94CD-CCBA-4F62-9AF1-919B10C582E3}.Static Library|x64.ActiveCfg = Release|Win32
		{3A1C94CD-CCBA-4F62-9AF1-919B10C582E3}.Static Library|x64.Build.0 = Release|Win32
		{3A1C94CD-CCBA-4F62-9AF1-919B10C582E3}.Static Library|x86.ActiveCfg = Debug|Win32
		{3A1C94CD-CCBA-4F62-9AF1-919B10C582E3}.Static Library|x86.Build.0 = Debug|Win32
		{3AA5DEA3-24EA-4B23-92E6-3D5905FA38C6}.Debug Client|x64.ActiveCfg = Release|Win32
		{3AA5DEA3-24EA-4B23-92E6-3D5905FA38C6}.Debug Client|x64.Build.0 = Release|Win32
		{3AA5DEA3-24EA-4B23-92E6-3D5905FA38C6}.Debug Client|x86.ActiveCfg = Debug|Win32
		{3AA5DEA3-24EA-4B23-92E6-3D5905FA38C6}.Debug Client|x86.Build.0 = Debug|Win32
		{3AA5DEA3-24EA-4B23-92E6-3D5905FA38C6}.Debug|x64.ActiveCfg = Debug|Win32
		{3AA5DEA3-24EA-4B23-92E6-3D5905FA38C6}.Debug|x64.Build.0 = Debug|Win32
		{3AA5DEA3-24EA-4B23-92E6-3D5905FA38C6}.Debug|x86.ActiveCfg = Debug|Win32
		{3AA5DEA3-24EA-4B23-92E6-3D5905FA38C6}.Debug|x86.Build.0 = Debug|Win32
		{3AA5DEA3-24EA-4B23-92E6-3D5905FA38C6}.DLL-Import Debug|x64.ActiveCfg = Release|Win32
		{3AA5DEA3-24EA-4B23-92E6-3D5905FA38C6}.DLL-Import Debug|x64.Build.0 = Release|Win32
		{3AA5DEA3-24EA-4B23-92E6-3D5905FA38C6}.DLL-Import Debug|x86.ActiveCfg = Debug|Win32
		{3AA5DEA3-24EA-4B23-92E6-3D5905FA38C6}.DLL-Import Debug|x86.Build.0 = Debug|Win32
		{3AA5DEA3-24EA-4B23-92E6-3D5905FA38C6}.DLL-Import Release|x64.ActiveCfg = Release|Win32
		{3AA5DEA3-24EA-4B23-92E6-3D5905FA38C6}.DLL-Import Release|x64.Build.0 = Release|Win32
		{3AA5DEA3-24EA-4B23-92E6-3D5905FA38C6}.DLL-Import Release|x86.ActiveCfg = Release|Win32
		{3AA5DEA3-24EA-4B23-92E6-3D5905FA38C6}.DLL-Import Release|x86.Build.0 = Release|Win32
		{3AA5DEA3-24EA-4B23-92E6-3D5905FA38C6}.Editor|x64.ActiveCfg = Release|Win32
		{3AA5DEA3-24EA-4B23-92E6-3D5905FA38C6}.Editor|x64.Build.0 = Release|Win32
		{3AA5DEA3-24EA-4B23-92E6-3D5905FA38C6}.Editor|x86.ActiveCfg = Debug|Win32
		{3AA5DEA3-24EA-4B23-92E6-3D5905FA38C6}.Editor|x86.Build.0 = Debug|Win32
		{3AA5DEA3-24EA-4B23-92E6-3D5905FA38C6}.IOCP_Release|x64.ActiveCfg = Release|Win32
		{3AA5DEA3-24EA-4B23-92E6-3D5905FA38C6}.IOCP_Release|x64.Build.0 = Release|Win32
		{3AA5DEA3-24EA-4B23-92E6-3D5905FA38C6}.IOCP_Release|x86.ActiveCfg = Release|Win32
		{3AA5DEA3-24EA-4B23-92E6-3D5905FA38C6}.IOCP_Release|x86.Build.0 = Release|Win32
		{3AA5DEA3-24EA-4B23-92E6-3D5905FA38C6}.Long_Struct_Debug|x64.ActiveCfg = Release|Win32
		{3AA5DEA3-24EA-4B23-92E6-3D5905FA38C6}.Long_Struct_Debug|x64.Build.0 = Release|Win32
		{3AA5DEA3-24EA-4B23-92E6-3D5905FA38C6}.Long_Struct_Debug|x86.ActiveCfg = Debug|Win32
		{3AA5DEA3-24EA-4B23-92E6-3D5905FA38C6}.Long_Struct_Debug|x86.Build.0 = Debug|Win32
		{3AA5DEA3-24EA-4B23-92E6-3D5905FA38C6}.Long_Struct_Release|x64.ActiveCfg = Release|Win32
		{3AA5DEA3-24EA-4B23-92E6-3D5905FA38C6}.Long_Struct_Release|x64.Build.0 = Release|Win32
		{3AA5DEA3-24EA-4B23-92E6-3D5905FA38C6}.Long_Struct_Release|x86.ActiveCfg = Release|Win32
		{3AA5DEA3-24EA-4B23-92E6-3D5905FA38C6}.Long_Struct_Release|x86.Build.0 = Release|Win32
		{3AA5DEA3-24EA-4B23-92E6-3D5905FA38C6}.Publish|x64.ActiveCfg = Release|Win32
		{3AA5DEA3-24EA-4B23-92E6-3D5905FA38C6}.Publish|x64.Build.0 = Release|Win32
		{3AA5DEA3-24EA-4B23-92E6-3D5905FA38C6}.Publish|x86.ActiveCfg = Debug|Win32
		{3AA5DEA3-24EA-4B23-92E6-3D5905FA38C6}.Publish|x86.Build.0 = Debug|Win32
		{3AA5DEA3-24EA-4B23-92E6-3D5905FA38C6}.Release Client|x64.ActiveCfg = Release|Win32
		{3AA5DEA3-24EA-4B23-92E6-3D5905FA38C6}.Release Client|x64.Build.0 = Release|Win32
		{3AA5DEA3-24EA-4B23-92E6-3D5905FA38C6}.Release Client|x86.ActiveCfg = Release|Win32
		{3AA5DEA3-24EA-4B23-92E6-3D5905FA38C6}.Release Client|x86.Build.0 = Release|Win32
		{3AA5DEA3-24EA-4B23-92E6-3D5905FA38C6}.Release|x64.ActiveCfg = Release|Win32
		{3AA5DEA3-24EA-4B23-92E6-3D5905FA38C6}.Release|x64.Build.0 = Release|Win32
		{3AA5DEA3-24EA-4B23-92E6-3D5905FA38C6}.Release|x86.ActiveCfg = Release|Win32
		{3AA5DEA3-24EA-4B23-92E6-3D5905FA38C6}.Release|x86.Build.0 = Release|Win32
		{3AA5DEA3-24EA-4B23-92E6-3D5905FA38C6}.Static Library|x64.ActiveCfg = Release|Win32
		{3AA5DEA3-24EA-4B23-92E6-3D5905FA38C6}.Static Library|x64.Build.0 = Release|Win32
		{3AA5DEA3-24EA-4B23-92E6-3D5905FA38C6}.Static Library|x86.ActiveCfg = Debug|Win32
		{3AA5DEA3-24EA-4B23-92E6-3D5905FA38C6}.Static Library|x86.Build.0 = Debug|Win32
		{C9B950BB-F1B8-4274-B077-E07B16A16F1B}.Debug Client|x64.ActiveCfg = Debug Client|Win32
		{C9B950BB-F1B8-4274-B077-E07B16A16F1B}.Debug Client|x86.ActiveCfg = Debug Client|Win32
		{C9B950BB-F1B8-4274-B077-E07B16A16F1B}.Debug Client|x86.Build.0 = Debug Client|Win32
		{C9B950BB-F1B8-4274-B077-E07B16A16F1B}.Debug|x64.ActiveCfg = Debug|Win32
		{C9B950BB-F1B8-4274-B077-E07B16A16F1B}.Debug|x64.Build.0 = Debug|Win32
		{C9B950BB-F1B8-4274-B077-E07B16A16F1B}.Debug|x86.ActiveCfg = Debug|Win32
		{C9B950BB-F1B8-4274-B077-E07B16A16F1B}.Debug|x86.Build.0 = Debug|Win32
		{C9B950BB-F1B8-4274-B077-E07B16A16F1B}.DLL-Import Debug|x64.ActiveCfg = Release Client|Win32
		{C9B950BB-F1B8-4274-B077-E07B16A16F1B}.DLL-Import Debug|x64.Build.0 = Release Client|Win32
		{C9B950BB-F1B8-4274-B077-E07B16A16F1B}.DLL-Import Debug|x86.ActiveCfg = Debug|Win32
		{C9B950BB-F1B8-4274-B077-E07B16A16F1B}.DLL-Import Debug|x86.Build.0 = Debug|Win32
		{C9B950BB-F1B8-4274-B077-E07B16A16F1B}.DLL-Import Release|x64.ActiveCfg = Release Client|Win32
		{C9B950BB-F1B8-4274-B077-E07B16A16F1B}.DLL-Import Release|x64.Build.0 = Release Client|Win32
		{C9B950BB-F1B8-4274-B077-E07B16A16F1B}.DLL-Import Release|x86.ActiveCfg = Release|Win32
		{C9B950BB-F1B8-4274-B077-E07B16A16F1B}.DLL-Import Release|x86.Build.0 = Release|Win32
		{C9B950BB-F1B8-4274-B077-E07B16A16F1B}.Editor|x64.ActiveCfg = Release Client|Win32
		{C9B950BB-F1B8-4274-B077-E07B16A16F1B}.Editor|x64.Build.0 = Release Client|Win32
		{C9B950BB-F1B8-4274-B077-E07B16A16F1B}.Editor|x86.ActiveCfg = Debug|Win32
		{C9B950BB-F1B8-4274-B077-E07B16A16F1B}.Editor|x86.Build.0 = Debug|Win32
		{C9B950BB-F1B8-4274-B077-E07B16A16F1B}.IOCP_Release|x64.ActiveCfg = Release Client|Win32
		{C9B950BB-F1B8-4274-B077-E07B16A16F1B}.IOCP_Release|x64.Build.0 = Release Client|Win32
		{C9B950BB-F1B8-4274-B077-E07B16A16F1B}.IOCP_Release|x86.ActiveCfg = Release|Win32
		{C9B950BB-F1B8-4274-B077-E07B16A16F1B}.IOCP_Release|x86.Build.0 = Release|Win32
		{C9B950BB-F1B8-4274-B077-E07B16A16F1B}.Long_Struct_Debug|x64.ActiveCfg = Release Client|Win32
		{C9B950BB-F1B8-4274-B077-E07B16A16F1B}.Long_Struct_Debug|x64.Build.0 = Release Client|Win32
		{C9B950BB-F1B8-4274-B077-E07B16A16F1B}.Long_Struct_Debug|x86.ActiveCfg = Debug|Win32
		{C9B950BB-F1B8-4274-B077-E07B16A16F1B}.Long_Struct_Debug|x86.Build.0 = Debug|Win32
		{C9B950BB-F1B8-4274-B077-E07B16A16F1B}.Long_Struct_Release|x64.ActiveCfg = Release Client|Win32
		{C9B950BB-F1B8-4274-B077-E07B16A16F1B}.Long_Struct_Release|x64.Build.0 = Release Client|Win32
		{C9B950BB-F1B8-4274-B077-E07B16A16F1B}.Long_Struct_Release|x86.ActiveCfg = Release|Win32
		{C9B950BB-F1B8-4274-B077-E07B16A16F1B}.Long_Struct_Release|x86.Build.0 = Release|Win32
		{C9B950BB-F1B8-4274-B077-E07B16A16F1B}.Publish|x64.ActiveCfg = Release Client|Win32
		{C9B950BB-F1B8-4274-B077-E07B16A16F1B}.Publish|x64.Build.0 = Release Client|Win32
		{C9B950BB-F1B8-4274-B077-E07B16A16F1B}.Publish|x86.ActiveCfg = Debug|Win32
		{C9B950BB-F1B8-4274-B077-E07B16A16F1B}.Publish|x86.Build.0 = Debug|Win32
		{C9B950BB-F1B8-4274-B077-E07B16A16F1B}.Release Client|x64.ActiveCfg = Release Client|Win32
		{C9B950BB-F1B8-4274-B077-E07B16A16F1B}.Release Client|x86.ActiveCfg = Release Client|Win32
		{C9B950BB-F1B8-4274-B077-E07B16A16F1B}.Release Client|x86.Build.0 = Release Client|Win32
		{C9B950BB-F1B8-4274-B077-E07B16A16F1B}.Release|x64.ActiveCfg = Release|Win32
		{C9B950BB-F1B8-4274-B077-E07B16A16F1B}.Release|x64.Build.0 = Release|Win32
		{C9B950BB-F1B8-4274-B077-E07B16A16F1B}.Release|x86.ActiveCfg = Release|Win32
		{C9B950BB-F1B8-4274-B077-E07B16A16F1B}.Release|x86.Build.0 = Release|Win32
		{C9B950BB-F1B8-4274-B077-E07B16A16F1B}.Static Library|x64.ActiveCfg = Release Client|Win32
		{C9B950BB-F1B8-4274-B077-E07B16A16F1B}.Static Library|x64.Build.0 = Release Client|Win32
		{C9B950BB-F1B8-4274-B077-E07B16A16F1B}.Static Library|x86.ActiveCfg = Debug|Win32
		{C9B950BB-F1B8-4274-B077-E07B16A16F1B}.Static Library|x86.Build.0 = Debug|Win32
		{8C999608-91A8-4A85-BCD8-975B65EEC5F4}.Debug Client|x64.ActiveCfg = Release|Win32
		{8C999608-91A8-4A85-BCD8-975B65EEC5F4}.Debug Client|x64.Build.0 = Release|Win32
		{8C999608-91A8-4A85-BCD8-975B65EEC5F4}.Debug Client|x86.ActiveCfg = Debug|Win32
		{8C999608-91A8-4A85-BCD8-975B65EEC5F4}.Debug Client|x86.Build.0 = Debug|Win32
		{8C999608-91A8-4A85-BCD8-975B65EEC5F4}.Debug|x64.ActiveCfg = Debug|Win32
		{8C999608-91A8-4A85-BCD8-975B65EEC5F4}.Debug|x64.Build.0 = Debug|Win32
		{8C999608-91A8-4A85-BCD8-975B65EEC5F4}.Debug|x86.ActiveCfg = Debug|Win32
		{8C999608-91A8-4A85-BCD8-975B65EEC5F4}.Debug|x86.Build.0 = Debug|Win32
		{8C999608-91A8-4A85-BCD8-975B65EEC5F4}.DLL-Import Debug|x64.ActiveCfg = Release|Win32
		{8C999608-91A8-4A85-BCD8-975B65EEC5F4}.DLL-Import Debug|x64.Build.0 = Release|Win32
		{8C999608-91A8-4A85-BCD8-975B65EEC5F4}.DLL-Import Debug|x86.ActiveCfg = Debug|Win32
		{8C999608-91A8-4A85-BCD8-975B65EEC5F4}.DLL-Import Debug|x86.Build.0 = Debug|Win32
		{8C999608-91A8-4A85-BCD8-975B65EEC5F4}.DLL-Import Release|x64.ActiveCfg = Release|Win32
		{8C999608-91A8-4A85-BCD8-975B65EEC5F4}.DLL-Import Release|x64.Build.0 = Release|Win32
		{8C999608-91A8-4A85-BCD8-975B65EEC5F4}.DLL-Import Release|x86.ActiveCfg = Release|Win32
		{8C999608-91A8-4A85-BCD8-975B65EEC5F4}.DLL-Import Release|x86.Build.0 = Release|Win32
		{8C999608-91A8-4A85-BCD8-975B65EEC5F4}.Editor|x64.ActiveCfg = Release|Win32
		{8C999608-91A8-4A85-BCD8-975B65EEC5F4}.Editor|x64.Build.0 = Release|Win32
		{8C999608-91A8-4A85-BCD8-975B65EEC5F4}.Editor|x86.ActiveCfg = Release|Win32
		{8C999608-91A8-4A85-BCD8-975B65EEC5F4}.Editor|x86.Build.0 = Release|Win32
		{8C999608-91A8-4A85-BCD8-975B65EEC5F4}.IOCP_Release|x64.ActiveCfg = Release|Win32
		{8C999608-91A8-4A85-BCD8-975B65EEC5F4}.IOCP_Release|x64.Build.0 = Release|Win32
		{8C999608-91A8-4A85-BCD8-975B65EEC5F4}.IOCP_Release|x86.ActiveCfg = Release|Win32
		{8C999608-91A8-4A85-BCD8-975B65EEC5F4}.IOCP_Release|x86.Build.0 = Release|Win32
		{8C999608-91A8-4A85-BCD8-975B65EEC5F4}.Long_Struct_Debug|x64.ActiveCfg = Release|Win32
		{8C999608-91A8-4A85-BCD8-975B65EEC5F4}.Long_Struct_Debug|x64.Build.0 = Release|Win32
		{8C999608-91A8-4A85-BCD8-975B65EEC5F4}.Long_Struct_Debug|x86.ActiveCfg = Debug|Win32
		{8C999608-91A8-4A85-BCD8-975B65EEC5F4}.Long_Struct_Debug|x86.Build.0 = Debug|Win32
		{8C999608-91A8-4A85-BCD8-975B65EEC5F4}.Long_Struct_Release|x64.ActiveCfg = Release|Win32
		{8C999608-91A8-4A85-BCD8-975B65EEC5F4}.Long_Struct_Release|x64.Build.0 = Release|Win32
		{8C999608-91A8-4A85-BCD8-975B65EEC5F4}.Long_Struct_Release|x86.ActiveCfg = Release|Win32
		{8C999608-91A8-4A85-BCD8-975B65EEC5F4}.Long_Struct_Release|x86.Build.0 = Release|Win32
		{8C999608-91A8-4A85-BCD8-975B65EEC5F4}.Publish|x64.ActiveCfg = Release|Win32
		{8C999608-91A8-4A85-BCD8-975B65EEC5F4}.Publish|x64.Build.0 = Release|Win32
		{8C999608-91A8-4A85-BCD8-975B65EEC5F4}.Publish|x86.ActiveCfg = Release|Win32
		{8C999608-91A8-4A85-BCD8-975B65EEC5F4}.Publish|x86.Build.0 = Release|Win32
		{8C999608-91A8-4A85-BCD8-975B65EEC5F4}.Release Client|x64.ActiveCfg = Release|Win32
		{8C999608-91A8-4A85-BCD8-975B65EEC5F4}.Release Client|x64.Build.0 = Release|Win32
		{8C999608-91A8-4A85-BCD8-975B65EEC5F4}.Release Client|x86.ActiveCfg = Release|Win32
		{8C999608-91A8-4A85-BCD8-975B65EEC5F4}.Release Client|x86.Build.0 = Release|Win32
		{8C999608-91A8-4A85-BCD8-975B65EEC5F4}.Release|x64.ActiveCfg = Release|Win32
		{8C999608-91A8-4A85-BCD8-975B65EEC5F4}.Release|x64.Build.0 = Release|Win32
		{8C999608-91A8-4A85-BCD8-975B65EEC5F4}.Release|x86.ActiveCfg = Release|Win32
		{8C999608-91A8-4A85-BCD8-975B65EEC5F4}.Release|x86.Build.0 = Release|Win32
		{8C999608-91A8-4A85-BCD8-975B65EEC5F4}.Static Library|x64.ActiveCfg = Release|Win32
		{8C999608-91A8-4A85-BCD8-975B65EEC5F4}.Static Library|x64.Build.0 = Release|Win32
		{8C999608-91A8-4A85-BCD8-975B65EEC5F4}.Static Library|x86.ActiveCfg = Debug|Win32
		{8C999608-91A8-4A85-BCD8-975B65EEC5F4}.Static Library|x86.Build.0 = Debug|Win32
		{1BDA542A-FAFB-4B7B-B7BD-3AD14BB78768}.Debug Client|x64.ActiveCfg = Release|Win32
		{1BDA542A-FAFB-4B7B-B7BD-3AD14BB78768}.Debug Client|x64.Build.0 = Release|Win32
		{1BDA542A-FAFB-4B7B-B7BD-3AD14BB78768}.Debug Client|x86.ActiveCfg = Debug|Win32
		{1BDA542A-FAFB-4B7B-B7BD-3AD14BB78768}.Debug Client|x86.Build.0 = Debug|Win32
		{1BDA542A-FAFB-4B7B-B7BD-3AD14BB78768}.Debug|x64.ActiveCfg = Debug|Win32
		{1BDA542A-FAFB-4B7B-B7BD-3AD14BB78768}.Debug|x64.Build.0 = Debug|Win32
		{1BDA542A-FAFB-4B7B-B7BD-3AD14BB78768}.Debug|x86.ActiveCfg = Debug|Win32
		{1BDA542A-FAFB-4B7B-B7BD-3AD14BB78768}.Debug|x86.Build.0 = Debug|Win32
		{1BDA542A-FAFB-4B7B-B7BD-3AD14BB78768}.DLL-Import Debug|x64.ActiveCfg = Release|Win32
		{1BDA542A-FAFB-4B7B-B7BD-3AD14BB78768}.DLL-Import Debug|x64.Build.0 = Release|Win32
		{1BDA542A-FAFB-4B7B-B7BD-3AD14BB78768}.DLL-Import Debug|x86.ActiveCfg = Debug|Win32
		{1BDA542A-FAFB-4B7B-B7BD-3AD14BB78768}.DLL-Import Debug|x86.Build.0 = Debug|Win32
		{1BDA542A-FAFB-4B7B-B7BD-3AD14BB78768}.DLL-Import Release|x64.ActiveCfg = Release|Win32
		{1BDA542A-FAFB-4B7B-B7BD-3AD14BB78768}.DLL-Import Release|x64.Build.0 = Release|Win32
		{1BDA542A-FAFB-4B7B-B7BD-3AD14BB78768}.DLL-Import Release|x86.ActiveCfg = Release|Win32
		{1BDA542A-FAFB-4B7B-B7BD-3AD14BB78768}.DLL-Import Release|x86.Build.0 = Release|Win32
		{1BDA542A-FAFB-4B7B-B7BD-3AD14BB78768}.Editor|x64.ActiveCfg = Release|Win32
		{1BDA542A-FAFB-4B7B-B7BD-3AD14BB78768}.Editor|x64.Build.0 = Release|Win32
		{1BDA542A-FAFB-4B7B-B7BD-3AD14BB78768}.Editor|x86.ActiveCfg = Debug|Win32
		{1BDA542A-FAFB-4B7B-B7BD-3AD14BB78768}.Editor|x86.Build.0 = Debug|Win32
		{1BDA542A-FAFB-4B7B-B7BD-3AD14BB78768}.IOCP_Release|x64.ActiveCfg = Release|Win32
		{1BDA542A-FAFB-4B7B-B7BD-3AD14BB78768}.IOCP_Release|x64.Build.0 = Release|Win32
		{1BDA542A-FAFB-4B7B-B7BD-3AD14BB78768}.IOCP_Release|x86.ActiveCfg = Release|Win32
		{1BDA542A-FAFB-4B7B-B7BD-3AD14BB78768}.IOCP_Release|x86.Build.0 = Release|Win32
		{1BDA542A-FAFB-4B7B-B7BD-3AD14BB78768}.Long_Struct_Debug|x64.ActiveCfg = Release|Win32
		{1BDA542A-FAFB-4B7B-B7BD-3AD14BB78768}.Long_Struct_Debug|x64.Build.0 = Release|Win32
		{1BDA542A-FAFB-4B7B-B7BD-3AD14BB78768}.Long_Struct_Debug|x86.ActiveCfg = Debug|Win32
		{1BDA542A-FAFB-4B7B-B7BD-3AD14BB78768}.Long_Struct_Debug|x86.Build.0 = Debug|Win32
		{1BDA542A-FAFB-4B7B-B7BD-3AD14BB78768}.Long_Struct_Release|x64.ActiveCfg = Release|Win32
		{1BDA542A-FAFB-4B7B-B7BD-3AD14BB78768}.Long_Struct_Release|x64.Build.0 = Release|Win32
		{1BDA542A-FAFB-4B7B-B7BD-3AD14BB78768}.Long_Struct_Release|x86.ActiveCfg = Release|Win32
		{1BDA542A-FAFB-4B7B-B7BD-3AD14BB78768}.Long_Struct_Release|x86.Build.0 = Release|Win32
		{1BDA542A-FAFB-4B7B-B7BD-3AD14BB78768}.Publish|x64.ActiveCfg = Release|Win32
		{1BDA542A-FAFB-4B7B-B7BD-3AD14BB78768}.Publish|x64.Build.0 = Release|Win32
		{1BDA542A-FAFB-4B7B-B7BD-3AD14BB78768}.Publish|x86.ActiveCfg = Debug|Win32
		{1BDA542A-FAFB-4B7B-B7BD-3AD14BB78768}.Publish|x86.Build.0 = Debug|Win32
		{1BDA542A-FAFB-4B7B-B7BD-3AD14BB78768}.Release Client|x64.ActiveCfg = Release|Win32
		{1BDA542A-FAFB-4B7B-B7BD-3AD14BB78768}.Release Client|x64.Build.0 = Release|Win32
		{1BDA542A-FAFB-4B7B-B7BD-3AD14BB78768}.Release Client|x86.ActiveCfg = Release|Win32
		{1BDA542A-FAFB-4B7B-B7BD-3AD14BB78768}.Release Client|x86.Build.0 = Release|Win32
		{1BDA542A-FAFB-4B7B-B7BD-3AD14BB78768}.Release|x64.ActiveCfg = Release|Win32
		{1BDA542A-FAFB-4B7B-B7BD-3AD14BB78768}.Release|x64.Build.0 = Release|Win32
		{1BDA542A-FAFB-4B7B-B7BD-3AD14BB78768}.Release|x86.ActiveCfg = Release|Win32
		{1BDA542A-FAFB-4B7B-B7BD-3AD14BB78768}.Release|x86.Build.0 = Release|Win32
		{1BDA542A-FAFB-4B7B-B7BD-3AD14BB78768}.Static Library|x64.ActiveCfg = Release|Win32
		{1BDA542A-FAFB-4B7B-B7BD-3AD14BB78768}.Static Library|x64.Build.0 = Release|Win32
		{1BDA542A-FAFB-4B7B-B7BD-3AD14BB78768}.Static Library|x86.ActiveCfg = Debug|Win32
		{1BDA542A-FAFB-4B7B-B7BD-3AD14BB78768}.Static Library|x86.Build.0 = Debug|Win32
		{C2367211-6B3D-4ECC-9BD1-31A4E10CA7B9}.Debug Client|x64.ActiveCfg = Release|Win32
		{C2367211-6B3D-4ECC-9BD1-31A4E10CA7B9}.Debug Client|x64.Build.0 = Release|Win32
		{C2367211-6B3D-4ECC-9BD1-31A4E10CA7B9}.Debug Client|x86.ActiveCfg = Debug|Win32
		{C2367211-6B3D-4ECC-9BD1-31A4E10CA7B9}.Debug Client|x86.Build.0 = Debug|Win32
		{C2367211-6B3D-4ECC-9BD1-31A4E10CA7B9}.Debug|x64.ActiveCfg = Debug|Win32
		{C2367211-6B3D-4ECC-9BD1-31A4E10CA7B9}.Debug|x64.Build.0 = Debug|Win32
		{C2367211-6B3D-4ECC-9BD1-31A4E10CA7B9}.Debug|x86.ActiveCfg = Debug|Win32
		{C2367211-6B3D-4ECC-9BD1-31A4E10CA7B9}.Debug|x86.Build.0 = Debug|Win32
		{C2367211-6B3D-4ECC-9BD1-31A4E10CA7B9}.DLL-Import Debug|x64.ActiveCfg = Release|Win32
		{C2367211-6B3D-4ECC-9BD1-31A4E10CA7B9}.DLL-Import Debug|x64.Build.0 = Release|Win32
		{C2367211-6B3D-4ECC-9BD1-31A4E10CA7B9}.DLL-Import Debug|x86.ActiveCfg = Debug|Win32
		{C2367211-6B3D-4ECC-9BD1-31A4E10CA7B9}.DLL-Import Debug|x86.Build.0 = Debug|Win32
		{C2367211-6B3D-4ECC-9BD1-31A4E10CA7B9}.DLL-Import Release|x64.ActiveCfg = Release|Win32
		{C2367211-6B3D-4ECC-9BD1-31A4E10CA7B9}.DLL-Import Release|x64.Build.0 = Release|Win32
		{C2367211-6B3D-4ECC-9BD1-31A4E10CA7B9}.DLL-Import Release|x86.ActiveCfg = Release|Win32
		{C2367211-6B3D-4ECC-9BD1-31A4E10CA7B9}.DLL-Import Release|x86.Build.0 = Release|Win32
		{C2367211-6B3D-4ECC-9BD1-31A4E10CA7B9}.Editor|x64.ActiveCfg = Release|Win32
		{C2367211-6B3D-4ECC-9BD1-31A4E10CA7B9}.Editor|x64.Build.0 = Release|Win32
		{C2367211-6B3D-4ECC-9BD1-31A4E10CA7B9}.Editor|x86.ActiveCfg = Debug|Win32
		{C2367211-6B3D-4ECC-9BD1-31A4E10CA7B9}.Editor|x86.Build.0 = Debug|Win32
		{C2367211-6B3D-4ECC-9BD1-31A4E10CA7B9}.IOCP_Release|x64.ActiveCfg = Release|Win32
		{C2367211-6B3D-4ECC-9BD1-31A4E10CA7B9}.IOCP_Release|x64.Build.0 = Release|Win32
		{C2367211-6B3D-4ECC-9BD1-31A4E10CA7B9}.IOCP_Release|x86.ActiveCfg = Release|Win32
		{C2367211-6B3D-4ECC-9BD1-31A4E10CA7B9}.IOCP_Release|x86.Build.0 = Release|Win32
		{C2367211-6B3D-4ECC-9BD1-31A4E10CA7B9}.Long_Struct_Debug|x64.ActiveCfg = Release|Win32
		{C2367211-6B3D-4ECC-9BD1-31A4E10CA7B9}.Long_Struct_Debug|x64.Build.0 = Release|Win32
		{C2367211-6B3D-4ECC-9BD1-31A4E10CA7B9}.Long_Struct_Debug|x86.ActiveCfg = Debug|Win32
		{C2367211-6B3D-4ECC-9BD1-31A4E10CA7B9}.Long_Struct_Debug|x86.Build.0 = Debug|Win32
		{C2367211-6B3D-4ECC-9BD1-31A4E10CA7B9}.Long_Struct_Release|x64.ActiveCfg = Release|Win32
		{C2367211-6B3D-4ECC-9BD1-31A4E10CA7B9}.Long_Struct_Release|x64.Build.0 = Release|Win32
		{C2367211-6B3D-4ECC-9BD1-31A4E10CA7B9}.Long_Struct_Release|x86.ActiveCfg = Release|Win32
		{C2367211-6B3D-4ECC-9BD1-31A4E10CA7B9}.Long_Struct_Release|x86.Build.0 = Release|Win32
		{C2367211-6B3D-4ECC-9BD1-31A4E10CA7B9}.Publish|x64.ActiveCfg = Release|Win32
		{C2367211-6B3D-4ECC-9BD1-31A4E10CA7B9}.Publish|x64.Build.0 = Release|Win32
		{C2367211-6B3D-4ECC-9BD1-31A4E10CA7B9}.Publish|x86.ActiveCfg = Debug|Win32
		{C2367211-6B3D-4ECC-9BD1-31A4E10CA7B9}.Publish|x86.Build.0 = Debug|Win32
		{C2367211-6B3D-4ECC-9BD1-31A4E10CA7B9}.Release Client|x64.ActiveCfg = Release|Win32
		{C2367211-6B3D-4ECC-9BD1-31A4E10CA7B9}.Release Client|x64.Build.0 = Release|Win32
		{C2367211-6B3D-4ECC-9BD1-31A4E10CA7B9}.Release Client|x86.ActiveCfg = Release|Win32
		{C2367211-6B3D-4ECC-9BD1-31A4E10CA7B9}.Release Client|x86.Build.0 = Release|Win32
		{C2367211-6B3D-4ECC-9BD1-31A4E10CA7B9}.Release|x64.ActiveCfg = Release|Win32
		{C2367211-6B3D-4ECC-9BD1-31A4E10CA7B9}.Release|x64.Build.0 = Release|Win32
		{C2367211-6B3D-4ECC-9BD1-31A4E10CA7B9}.Release|x86.ActiveCfg = Release|Win32
		{C2367211-6B3D-4ECC-9BD1-31A4E10CA7B9}.Release|x86.Build.0 = Release|Win32
		{C2367211-6B3D-4ECC-9BD1-31A4E10CA7B9}.Static Library|x64.ActiveCfg = Release|Win32
		{C2367211-6B3D-4ECC-9BD1-31A4E10CA7B9}.Static Library|x64.Build.0 = Release|Win32
		{C2367211-6B3D-4ECC-9BD1-31A4E10CA7B9}.Static Library|x86.ActiveCfg = Debug|Win32
		{C2367211-6B3D-4ECC-9BD1-31A4E10CA7B9}.Static Library|x86.Build.0 = Debug|Win32
		{9AD19308-7666-4545-9798-6A7EE1FB6284}.Debug Client|x64.ActiveCfg = Static Library|Win32
		{9AD19308-7666-4545-9798-6A7EE1FB6284}.Debug Client|x64.Build.0 = Static Library|Win32
		{9AD19308-7666-4545-9798-6A7EE1FB6284}.Debug Client|x86.ActiveCfg = Static Library|Win32
		{9AD19308-7666-4545-9798-6A7EE1FB6284}.Debug Client|x86.Build.0 = Static Library|Win32
		{9AD19308-7666-4545-9798-6A7EE1FB6284}.Debug|x64.ActiveCfg = Static Library|Win32
		{9AD19308-7666-4545-9798-6A7EE1FB6284}.Debug|x64.Build.0 = Static Library|Win32
		{9AD19308-7666-4545-9798-6A7EE1FB6284}.Debug|x86.ActiveCfg = Static Library|Win32
		{9AD19308-7666-4545-9798-6A7EE1FB6284}.Debug|x86.Build.0 = Static Library|Win32
		{9AD19308-7666-4545-9798-6A7EE1FB6284}.DLL-Import Debug|x64.ActiveCfg = Static Library|Win32
		{9AD19308-7666-4545-9798-6A7EE1FB6284}.DLL-Import Debug|x64.Build.0 = Static Library|Win32
		{9AD19308-7666-4545-9798-6A7EE1FB6284}.DLL-Import Debug|x86.ActiveCfg = Static Library|Win32
		{9AD19308-7666-4545-9798-6A7EE1FB6284}.DLL-Import Debug|x86.Build.0 = Static Library|Win32
		{9AD19308-7666-4545-9798-6A7EE1FB6284}.DLL-Import Release|x64.ActiveCfg = Static Library|Win32
		{9AD19308-7666-4545-9798-6A7EE1FB6284}.DLL-Import Release|x64.Build.0 = Static Library|Win32
		{9AD19308-7666-4545-9798-6A7EE1FB6284}.DLL-Import Release|x86.ActiveCfg = Static Library|Win32
		{9AD19308-7666-4545-9798-6A7EE1FB6284}.DLL-Import Release|x86.Build.0 = Static Library|Win32
		{9AD19308-7666-4545-9798-6A7EE1FB6284}.Editor|x64.ActiveCfg = Static Library|Win32
		{9AD19308-7666-4545-9798-6A7EE1FB6284}.Editor|x64.Build.0 = Static Library|Win32
		{9AD19308-7666-4545-9798-6A7EE1FB6284}.Editor|x86.ActiveCfg = Static Library|Win32
		{9AD19308-7666-4545-9798-6A7EE1FB6284}.Editor|x86.Build.0 = Static Library|Win32
		{9AD19308-7666-4545-9798-6A7EE1FB6284}.IOCP_Release|x64.ActiveCfg = Static Library|Win32
		{9AD19308-7666-4545-9798-6A7EE1FB6284}.IOCP_Release|x64.Build.0 = Static Library|Win32
		{9AD19308-7666-4545-9798-6A7EE1FB6284}.IOCP_Release|x86.ActiveCfg = Static Library|Win32
		{9AD19308-7666-4545-9798-6A7EE1FB6284}.IOCP_Release|x86.Build.0 = Static Library|Win32
		{9AD19308-7666-4545-9798-6A7EE1FB6284}.Long_Struct_Debug|x64.ActiveCfg = Static Library|Win32
		{9AD19308-7666-4545-9798-6A7EE1FB6284}.Long_Struct_Debug|x64.Build.0 = Static Library|Win32
		{9AD19308-7666-4545-9798-6A7EE1FB6284}.Long_Struct_Debug|x86.ActiveCfg = Static Library|Win32
		{9AD19308-7666-4545-9798-6A7EE1FB6284}.Long_Struct_Debug|x86.Build.0 = Static Library|Win32
		{9AD19308-7666-4545-9798-6A7EE1FB6284}.Long_Struct_Release|x64.ActiveCfg = Static Library|Win32
		{9AD19308-7666-4545-9798-6A7EE1FB6284}.Long_Struct_Release|x64.Build.0 = Static Library|Win32
		{9AD19308-7666-4545-9798-6A7EE1FB6284}.Long_Struct_Release|x86.ActiveCfg = Static Library|Win32
		{9AD19308-7666-4545-9798-6A7EE1FB6284}.Long_Struct_Release|x86.Build.0 = Static Library|Win32
		{9AD19308-7666-4545-9798-6A7EE1FB6284}.Publish|x64.ActiveCfg = Static Library|Win32
		{9AD19308-7666-4545-9798-6A7EE1FB6284}.Publish|x64.Build.0 = Static Library|Win32
		{9AD19308-7666-4545-9798-6A7EE1FB6284}.Publish|x86.ActiveCfg = Static Library|Win32
		{9AD19308-7666-4545-9798-6A7EE1FB6284}.Publish|x86.Build.0 = Static Library|Win32
		{9AD19308-7666-4545-9798-6A7EE1FB6284}.Release Client|x64.ActiveCfg = Static Library|Win32
		{9AD19308-7666-4545-9798-6A7EE1FB6284}.Release Client|x64.Build.0 = Static Library|Win32
		{9AD19308-7666-4545-9798-6A7EE1FB6284}.Release Client|x86.ActiveCfg = Static Library|Win32
		{9AD19308-7666-4545-9798-6A7EE1FB6284}.Release Client|x86.Build.0 = Static Library|Win32
		{9AD19308-7666-4545-9798-6A7EE1FB6284}.Release|x64.ActiveCfg = Static Library|Win32
		{9AD19308-7666-4545-9798-6A7EE1FB6284}.Release|x64.Build.0 = Static Library|Win32
		{9AD19308-7666-4545-9798-6A7EE1FB6284}.Release|x86.ActiveCfg = Static Library|Win32
		{9AD19308-7666-4545-9798-6A7EE1FB6284}.Release|x86.Build.0 = Static Library|Win32
		{9AD19308-7666-4545-9798-6A7EE1FB6284}.Static Library|x64.ActiveCfg = Static Library|Win32
		{9AD19308-7666-4545-9798-6A7EE1FB6284}.Static Library|x86.ActiveCfg = Static Library|Win32
		{9AD19308-7666-4545-9798-6A7EE1FB6284}.Static Library|x86.Build.0 = Static Library|Win32
		{99224C57-5613-46AD-91B4-A8B86989F615}.Debug Client|x64.ActiveCfg = Static Library|Win32
		{99224C57-5613-46AD-91B4-A8B86989F615}.Debug Client|x64.Build.0 = Static Library|Win32
		{99224C57-5613-46AD-91B4-A8B86989F615}.Debug Client|x86.ActiveCfg = Static Library|Win32
		{99224C57-5613-46AD-91B4-A8B86989F615}.Debug Client|x86.Build.0 = Static Library|Win32
		{99224C57-5613-46AD-91B4-A8B86989F615}.Debug|x64.ActiveCfg = Static Library|Win32
		{99224C57-5613-46AD-91B4-A8B86989F615}.Debug|x64.Build.0 = Static Library|Win32
		{99224C57-5613-46AD-91B4-A8B86989F615}.Debug|x86.ActiveCfg = Static Library|Win32
		{99224C57-5613-46AD-91B4-A8B86989F615}.Debug|x86.Build.0 = Static Library|Win32
		{99224C57-5613-46AD-91B4-A8B86989F615}.DLL-Import Debug|x64.ActiveCfg = Static Library|Win32
		{99224C57-5613-46AD-91B4-A8B86989F615}.DLL-Import Debug|x64.Build.0 = Static Library|Win32
		{99224C57-5613-46AD-91B4-A8B86989F615}.DLL-Import Debug|x86.ActiveCfg = Static Library|Win32
		{99224C57-5613-46AD-91B4-A8B86989F615}.DLL-Import Debug|x86.Build.0 = Static Library|Win32
		{99224C57-5613-46AD-91B4-A8B86989F615}.DLL-Import Release|x64.ActiveCfg = Static Library|Win32
		{99224C57-5613-46AD-91B4-A8B86989F615}.DLL-Import Release|x64.Build.0 = Static Library|Win32
		{99224C57-5613-46AD-91B4-A8B86989F615}.DLL-Import Release|x86.ActiveCfg = Static Library|Win32
		{99224C57-5613-46AD-91B4-A8B86989F615}.DLL-Import Release|x86.Build.0 = Static Library|Win32
		{99224C57-5613-46AD-91B4-A8B86989F615}.Editor|x64.ActiveCfg = Static Library|Win32
		{99224C57-5613-46AD-91B4-A8B86989F615}.Editor|x64.Build.0 = Static Library|Win32
		{99224C57-5613-46AD-91B4-A8B86989F615}.Editor|x86.ActiveCfg = Static Library|Win32
		{99224C57-5613-46AD-91B4-A8B86989F615}.Editor|x86.Build.0 = Static Library|Win32
		{99224C57-5613-46AD-91B4-A8B86989F615}.IOCP_Release|x64.ActiveCfg = Static Library|Win32
		{99224C57-5613-46AD-91B4-A8B86989F615}.IOCP_Release|x64.Build.0 = Static Library|Win32
		{99224C57-5613-46AD-91B4-A8B86989F615}.IOCP_Release|x86.ActiveCfg = Static Library|Win32
		{99224C57-5613-46AD-91B4-A8B86989F615}.IOCP_Release|x86.Build.0 = Static Library|Win32
		{99224C57-5613-46AD-91B4-A8B86989F615}.Long_Struct_Debug|x64.ActiveCfg = Static Library|Win32
		{99224C57-5613-46AD-91B4-A8B86989F615}.Long_Struct_Debug|x64.Build.0 = Static Library|Win32
		{99224C57-5613-46AD-91B4-A8B86989F615}.Long_Struct_Debug|x86.ActiveCfg = Static Library|Win32
		{99224C57-5613-46AD-91B4-A8B86989F615}.Long_Struct_Debug|x86.Build.0 = Static Library|Win32
		{99224C57-5613-46AD-91B4-A8B86989F615}.Long_Struct_Release|x64.ActiveCfg = Static Library|Win32
		{99224C57-5613-46AD-91B4-A8B86989F615}.Long_Struct_Release|x64.Build.0 = Static Library|Win32
		{99224C57-5613-46AD-91B4-A8B86989F615}.Long_Struct_Release|x86.ActiveCfg = Static Library|Win32
		{99224C57-5613-46AD-91B4-A8B86989F615}.Long_Struct_Release|x86.Build.0 = Static Library|Win32
		{99224C57-5613-46AD-91B4-A8B86989F615}.Publish|x64.ActiveCfg = Static Library|Win32
		{99224C57-5613-46AD-91B4-A8B86989F615}.Publish|x64.Build.0 = Static Library|Win32
		{99224C57-5613-46AD-91B4-A8B86989F615}.Publish|x86.ActiveCfg = Static Library|Win32
		{99224C57-5613-46AD-91B4-A8B86989F615}.Publish|x86.Build.0 = Static Library|Win32
		{99224C57-5613-46AD-91B4-A8B86989F615}.Release Client|x64.ActiveCfg = Static Library|Win32
		{99224C57-5613-46AD-91B4-A8B86989F615}.Release Client|x64.Build.0 = Static Library|Win32
		{99224C57-5613-46AD-91B4-A8B86989F615}.Release Client|x86.ActiveCfg = Static Library|Win32
		{99224C57-5613-46AD-91B4-A8B86989F615}.Release Client|x86.Build.0 = Static Library|Win32
		{99224C57-5613-46AD-91B4-A8B86989F615}.Release|x64.ActiveCfg = Static Library|Win32
		{99224C57-5613-46AD-91B4-A8B86989F615}.Release|x64.Build.0 = Static Library|Win32
		{99224C57-5613-46AD-91B4-A8B86989F615}.Release|x86.ActiveCfg = Static Library|Win32
		{99224C57-5613-46AD-91B4-A8B86989F615}.Release|x86.Build.0 = Static Library|Win32
		{99224C57-5613-46AD-91B4-A8B86989F615}.Static Library|x64.ActiveCfg = Static Library|Win32
		{99224C57-5613-46AD-91B4-A8B86989F615}.Static Library|x86.ActiveCfg = Static Library|Win32
		{99224C57-5613-46AD-91B4-A8B86989F615}.Static Library|x86.Build.0 = Static Library|Win32
		{595AD564-2531-4FB6-A058-81D42E7697A4}.Debug Client|x64.ActiveCfg = Publish|Win32
		{595AD564-2531-4FB6-A058-81D42E7697A4}.Debug Client|x64.Build.0 = Publish|Win32
		{595AD564-2531-4FB6-A058-81D42E7697A4}.Debug Client|x86.ActiveCfg = Debug|Win32
		{595AD564-2531-4FB6-A058-81D42E7697A4}.Debug Client|x86.Build.0 = Debug|Win32
		{595AD564-2531-4FB6-A058-81D42E7697A4}.Debug|x64.ActiveCfg = Debug|Win32
		{595AD564-2531-4FB6-A058-81D42E7697A4}.Debug|x64.Build.0 = Debug|Win32
		{595AD564-2531-4FB6-A058-81D42E7697A4}.Debug|x86.ActiveCfg = Debug|Win32
		{595AD564-2531-4FB6-A058-81D42E7697A4}.Debug|x86.Build.0 = Debug|Win32
		{595AD564-2531-4FB6-A058-81D42E7697A4}.DLL-Import Debug|x64.ActiveCfg = Publish|Win32
		{595AD564-2531-4FB6-A058-81D42E7697A4}.DLL-Import Debug|x64.Build.0 = Publish|Win32
		{595AD564-2531-4FB6-A058-81D42E7697A4}.DLL-Import Debug|x86.ActiveCfg = Debug|Win32
		{595AD564-2531-4FB6-A058-81D42E7697A4}.DLL-Import Debug|x86.Build.0 = Debug|Win32
		{595AD564-2531-4FB6-A058-81D42E7697A4}.DLL-Import Release|x64.ActiveCfg = Publish|Win32
		{595AD564-2531-4FB6-A058-81D42E7697A4}.DLL-Import Release|x64.Build.0 = Publish|Win32
		{595AD564-2531-4FB6-A058-81D42E7697A4}.DLL-Import Release|x86.ActiveCfg = Release|Win32
		{595AD564-2531-4FB6-A058-81D42E7697A4}.DLL-Import Release|x86.Build.0 = Release|Win32
		{595AD564-2531-4FB6-A058-81D42E7697A4}.Editor|x64.ActiveCfg = Editor|Win32
		{595AD564-2531-4FB6-A058-81D42E7697A4}.Editor|x86.ActiveCfg = Editor|Win32
		{595AD564-2531-4FB6-A058-81D42E7697A4}.Editor|x86.Build.0 = Editor|Win32
		{595AD564-2531-4FB6-A058-81D42E7697A4}.IOCP_Release|x64.ActiveCfg = Publish|Win32
		{595AD564-2531-4FB6-A058-81D42E7697A4}.IOCP_Release|x64.Build.0 = Publish|Win32
		{595AD564-2531-4FB6-A058-81D42E7697A4}.IOCP_Release|x86.ActiveCfg = Release|Win32
		{595AD564-2531-4FB6-A058-81D42E7697A4}.IOCP_Release|x86.Build.0 = Release|Win32
		{595AD564-2531-4FB6-A058-81D42E7697A4}.Long_Struct_Debug|x64.ActiveCfg = Publish|Win32
		{595AD564-2531-4FB6-A058-81D42E7697A4}.Long_Struct_Debug|x64.Build.0 = Publish|Win32
		{595AD564-2531-4FB6-A058-81D42E7697A4}.Long_Struct_Debug|x86.ActiveCfg = Debug|Win32
		{595AD564-2531-4FB6-A058-81D42E7697A4}.Long_Struct_Debug|x86.Build.0 = Debug|Win32
		{595AD564-2531-4FB6-A058-81D42E7697A4}.Long_Struct_Release|x64.ActiveCfg = Publish|Win32
		{595AD564-2531-4FB6-A058-81D42E7697A4}.Long_Struct_Release|x64.Build.0 = Publish|Win32
		{595AD564-2531-4FB6-A058-81D42E7697A4}.Long_Struct_Release|x86.ActiveCfg = Release|Win32
		{595AD564-2531-4FB6-A058-81D42E7697A4}.Long_Struct_Release|x86.Build.0 = Release|Win32
		{595AD564-2531-4FB6-A058-81D42E7697A4}.Publish|x64.ActiveCfg = Publish|Win32
		{595AD564-2531-4FB6-A058-81D42E7697A4}.Publish|x86.ActiveCfg = Publish|Win32
		{595AD564-2531-4FB6-A058-81D42E7697A4}.Publish|x86.Build.0 = Publish|Win32
		{595AD564-2531-4FB6-A058-81D42E7697A4}.Release Client|x64.ActiveCfg = Publish|Win32
		{595AD564-2531-4FB6-A058-81D42E7697A4}.Release Client|x64.Build.0 = Publish|Win32
		{595AD564-2531-4FB6-A058-81D42E7697A4}.Release Client|x86.ActiveCfg = Release|Win32
		{595AD564-2531-4FB6-A058-81D42E7697A4}.Release Client|x86.Build.0 = Release|Win32
		{595AD564-2531-4FB6-A058-81D42E7697A4}.Release|x64.ActiveCfg = Release|Win32
		{595AD564-2531-4FB6-A058-81D42E7697A4}.Release|x64.Build.0 = Release|Win32
		{595AD564-2531-4FB6-A058-81D42E7697A4}.Release|x86.ActiveCfg = Release|Win32
		{595AD564-2531-4FB6-A058-81D42E7697A4}.Release|x86.Build.0 = Release|Win32
		{595AD564-2531-4FB6-A058-81D42E7697A4}.Static Library|x64.ActiveCfg = Publish|Win32
		{595AD564-2531-4FB6-A058-81D42E7697A4}.Static Library|x64.Build.0 = Publish|Win32
		{595AD564-2531-4FB6-A058-81D42E7697A4}.Static Library|x86.ActiveCfg = Debug|Win32
		{595AD564-2531-4FB6-A058-81D42E7697A4}.Static Library|x86.Build.0 = Debug|Win32
		{8661B70A-8D22-4082-9E71-00312294DF0F}.Debug Client|x64.ActiveCfg = Release|Win32
		{8661B70A-8D22-4082-9E71-00312294DF0F}.Debug Client|x64.Build.0 = Release|Win32
		{8661B70A-8D22-4082-9E71-00312294DF0F}.Debug Client|x86.ActiveCfg = Debug|Win32
		{8661B70A-8D22-4082-9E71-00312294DF0F}.Debug Client|x86.Build.0 = Debug|Win32
		{8661B70A-8D22-4082-9E71-00312294DF0F}.Debug|x64.ActiveCfg = Debug|Win32
		{8661B70A-8D22-4082-9E71-00312294DF0F}.Debug|x64.Build.0 = Debug|Win32
		{8661B70A-8D22-4082-9E71-00312294DF0F}.Debug|x86.ActiveCfg = Debug|Win32
		{8661B70A-8D22-4082-9E71-00312294DF0F}.Debug|x86.Build.0 = Debug|Win32
		{8661B70A-8D22-4082-9E71-00312294DF0F}.DLL-Import Debug|x64.ActiveCfg = Release|Win32
		{8661B70A-8D22-4082-9E71-00312294DF0F}.DLL-Import Debug|x64.Build.0 = Release|Win32
		{8661B70A-8D22-4082-9E71-00312294DF0F}.DLL-Import Debug|x86.ActiveCfg = Debug|Win32
		{8661B70A-8D22-4082-9E71-00312294DF0F}.DLL-Import Debug|x86.Build.0 = Debug|Win32
		{8661B70A-8D22-4082-9E71-00312294DF0F}.DLL-Import Release|x64.ActiveCfg = Release|Win32
		{8661B70A-8D22-4082-9E71-00312294DF0F}.DLL-Import Release|x64.Build.0 = Release|Win32
		{8661B70A-8D22-4082-9E71-00312294DF0F}.DLL-Import Release|x86.ActiveCfg = Release|Win32
		{8661B70A-8D22-4082-9E71-00312294DF0F}.DLL-Import Release|x86.Build.0 = Release|Win32
		{8661B70A-8D22-4082-9E71-00312294DF0F}.Editor|x64.ActiveCfg = Release|Win32
		{8661B70A-8D22-4082-9E71-00312294DF0F}.Editor|x64.Build.0 = Release|Win32
		{8661B70A-8D22-4082-9E71-00312294DF0F}.Editor|x86.ActiveCfg = Debug|Win32
		{8661B70A-8D22-4082-9E71-00312294DF0F}.Editor|x86.Build.0 = Debug|Win32
		{8661B70A-8D22-4082-9E71-00312294DF0F}.IOCP_Release|x64.ActiveCfg = Release|Win32
		{8661B70A-8D22-4082-9E71-00312294DF0F}.IOCP_Release|x64.Build.0 = Release|Win32
		{8661B70A-8D22-4082-9E71-00312294DF0F}.IOCP_Release|x86.ActiveCfg = Release|Win32
		{8661B70A-8D22-4082-9E71-00312294DF0F}.IOCP_Release|x86.Build.0 = Release|Win32
		{8661B70A-8D22-4082-9E71-00312294DF0F}.Long_Struct_Debug|x64.ActiveCfg = Release|Win32
		{8661B70A-8D22-4082-9E71-00312294DF0F}.Long_Struct_Debug|x64.Build.0 = Release|Win32
		{8661B70A-8D22-4082-9E71-00312294DF0F}.Long_Struct_Debug|x86.ActiveCfg = Debug|Win32
		{8661B70A-8D22-4082-9E71-00312294DF0F}.Long_Struct_Debug|x86.Build.0 = Debug|Win32
		{8661B70A-8D22-4082-9E71-00312294DF0F}.Long_Struct_Release|x64.ActiveCfg = Release|Win32
		{8661B70A-8D22-4082-9E71-00312294DF0F}.Long_Struct_Release|x64.Build.0 = Release|Win32
		{8661B70A-8D22-4082-9E71-00312294DF0F}.Long_Struct_Release|x86.ActiveCfg = Release|Win32
		{8661B70A-8D22-4082-9E71-00312294DF0F}.Long_Struct_Release|x86.Build.0 = Release|Win32
		{8661B70A-8D22-4082-9E71-00312294DF0F}.Publish|x64.ActiveCfg = Release|Win32
		{8661B70A-8D22-4082-9E71-00312294DF0F}.Publish|x64.Build.0 = Release|Win32
		{8661B70A-8D22-4082-9E71-00312294DF0F}.Publish|x86.ActiveCfg = Debug|Win32
		{8661B70A-8D22-4082-9E71-00312294DF0F}.Publish|x86.Build.0 = Debug|Win32
		{8661B70A-8D22-4082-9E71-00312294DF0F}.Release Client|x64.ActiveCfg = Release|Win32
		{8661B70A-8D22-4082-9E71-00312294DF0F}.Release Client|x64.Build.0 = Release|Win32
		{8661B70A-8D22-4082-9E71-00312294DF0F}.Release Client|x86.ActiveCfg = Release|Win32
		{8661B70A-8D22-4082-9E71-00312294DF0F}.Release Client|x86.Build.0 = Release|Win32
		{8661B70A-8D22-4082-9E71-00312294DF0F}.Release|x64.ActiveCfg = Release|Win32
		{8661B70A-8D22-4082-9E71-00312294DF0F}.Release|x64.Build.0 = Release|Win32
		{8661B70A-8D22-4082-9E71-00312294DF0F}.Release|x86.ActiveCfg = Release|Win32
		{8661B70A-8D22-4082-9E71-00312294DF0F}.Release|x86.Build.0 = Release|Win32
		{8661B70A-8D22-4082-9E71-00312294DF0F}.Static Library|x64.ActiveCfg = Release|Win32
		{8661B70A-8D22-4082-9E71-00312294DF0F}.Static Library|x64.Build.0 = Release|Win32
		{8661B70A-8D22-4082-9E71-00312294DF0F}.Static Library|x86.ActiveCfg = Debug|Win32
		{8661B70A-8D22-4082-9E71-00312294DF0F}.Static Library|x86.Build.0 = Debug|Win32
		{A2C79674-2511-4784-B82C-D75DE84C7FFE}.Debug Client|x64.ActiveCfg = Release|Win32
		{A2C79674-2511-4784-B82C-D75DE84C7FFE}.Debug Client|x64.Build.0 = Release|Win32
		{A2C79674-2511-4784-B82C-D75DE84C7FFE}.Debug Client|x86.ActiveCfg = Debug|Win32
		{A2C79674-2511-4784-B82C-D75DE84C7FFE}.Debug Client|x86.Build.0 = Debug|Win32
		{A2C79674-2511-4784-B82C-D75DE84C7FFE}.Debug|x64.ActiveCfg = Debug|Win32
		{A2C79674-2511-4784-B82C-D75DE84C7FFE}.Debug|x64.Build.0 = Debug|Win32
		{A2C79674-2511-4784-B82C-D75DE84C7FFE}.Debug|x86.ActiveCfg = Debug|Win32
		{A2C79674-2511-4784-B82C-D75DE84C7FFE}.Debug|x86.Build.0 = Debug|Win32
		{A2C79674-2511-4784-B82C-D75DE84C7FFE}.DLL-Import Debug|x64.ActiveCfg = Release|Win32
		{A2C79674-2511-4784-B82C-D75DE84C7FFE}.DLL-Import Debug|x64.Build.0 = Release|Win32
		{A2C79674-2511-4784-B82C-D75DE84C7FFE}.DLL-Import Debug|x86.ActiveCfg = Debug|Win32
		{A2C79674-2511-4784-B82C-D75DE84C7FFE}.DLL-Import Debug|x86.Build.0 = Debug|Win32
		{A2C79674-2511-4784-B82C-D75DE84C7FFE}.DLL-Import Release|x64.ActiveCfg = Release|Win32
		{A2C79674-2511-4784-B82C-D75DE84C7FFE}.DLL-Import Release|x64.Build.0 = Release|Win32
		{A2C79674-2511-4784-B82C-D75DE84C7FFE}.DLL-Import Release|x86.ActiveCfg = Release|Win32
		{A2C79674-2511-4784-B82C-D75DE84C7FFE}.DLL-Import Release|x86.Build.0 = Release|Win32
		{A2C79674-2511-4784-B82C-D75DE84C7FFE}.Editor|x64.ActiveCfg = Release|Win32
		{A2C79674-2511-4784-B82C-D75DE84C7FFE}.Editor|x64.Build.0 = Release|Win32
		{A2C79674-2511-4784-B82C-D75DE84C7FFE}.Editor|x86.ActiveCfg = Debug|Win32
		{A2C79674-2511-4784-B82C-D75DE84C7FFE}.Editor|x86.Build.0 = Debug|Win32
		{A2C79674-2511-4784-B82C-D75DE84C7FFE}.IOCP_Release|x64.ActiveCfg = Release|Win32
		{A2C79674-2511-4784-B82C-D75DE84C7FFE}.IOCP_Release|x64.Build.0 = Release|Win32
		{A2C79674-2511-4784-B82C-D75DE84C7FFE}.IOCP_Release|x86.ActiveCfg = Release|Win32
		{A2C79674-2511-4784-B82C-D75DE84C7FFE}.IOCP_Release|x86.Build.0 = Release|Win32
		{A2C79674-2511-4784-B82C-D75DE84C7FFE}.Long_Struct_Debug|x64.ActiveCfg = Release|Win32
		{A2C79674-2511-4784-B82C-D75DE84C7FFE}.Long_Struct_Debug|x64.Build.0 = Release|Win32
		{A2C79674-2511-4784-B82C-D75DE84C7FFE}.Long_Struct_Debug|x86.ActiveCfg = Debug|Win32
		{A2C79674-2511-4784-B82C-D75DE84C7FFE}.Long_Struct_Debug|x86.Build.0 = Debug|Win32
		{A2C79674-2511-4784-B82C-D75DE84C7FFE}.Long_Struct_Release|x64.ActiveCfg = Release|Win32
		{A2C79674-2511-4784-B82C-D75DE84C7FFE}.Long_Struct_Release|x64.Build.0 = Release|Win32
		{A2C79674-2511-4784-B82C-D75DE84C7FFE}.Long_Struct_Release|x86.ActiveCfg = Release|Win32
		{A2C79674-2511-4784-B82C-D75DE84C7FFE}.Long_Struct_Release|x86.Build.0 = Release|Win32
		{A2C79674-2511-4784-B82C-D75DE84C7FFE}.Publish|x64.ActiveCfg = Release|Win32
		{A2C79674-2511-4784-B82C-D75DE84C7FFE}.Publish|x64.Build.0 = Release|Win32
		{A2C79674-2511-4784-B82C-D75DE84C7FFE}.Publish|x86.ActiveCfg = Debug|Win32
		{A2C79674-2511-4784-B82C-D75DE84C7FFE}.Publish|x86.Build.0 = Debug|Win32
		{A2C79674-2511-4784-B82C-D75DE84C7FFE}.Release Client|x64.ActiveCfg = Release|Win32
		{A2C79674-2511-4784-B82C-D75DE84C7FFE}.Release Client|x64.Build.0 = Release|Win32
		{A2C79674-2511-4784-B82C-D75DE84C7FFE}.Release Client|x86.ActiveCfg = Release|Win32
		{A2C79674-2511-4784-B82C-D75DE84C7FFE}.Release Client|x86.Build.0 = Release|Win32
		{A2C79674-2511-4784-B82C-D75DE84C7FFE}.Release|x64.ActiveCfg = Release|Win32
		{A2C79674-2511-4784-B82C-D75DE84C7FFE}.Release|x64.Build.0 = Release|Win32
		{A2C79674-2511-4784-B82C-D75DE84C7FFE}.Release|x86.ActiveCfg = Release|Win32
		{A2C79674-2511-4784-B82C-D75DE84C7FFE}.Release|x86.Build.0 = Release|Win32
		{A2C79674-2511-4784-B82C-D75DE84C7FFE}.Static Library|x64.ActiveCfg = Release|Win32
		{A2C79674-2511-4784-B82C-D75DE84C7FFE}.Static Library|x64.Build.0 = Release|Win32
		{A2C79674-2511-4784-B82C-D75DE84C7FFE}.Static Library|x86.ActiveCfg = Debug|Win32
		{A2C79674-2511-4784-B82C-D75DE84C7FFE}.Static Library|x86.Build.0 = Debug|Win32
		{8737C6B2-208B-40A8-9EB4-D20EDF2267FE}.Debug Client|x64.ActiveCfg = Release|Win32
		{8737C6B2-208B-40A8-9EB4-D20EDF2267FE}.Debug Client|x64.Build.0 = Release|Win32
		{8737C6B2-208B-40A8-9EB4-D20EDF2267FE}.Debug Client|x86.ActiveCfg = Debug|Win32
		{8737C6B2-208B-40A8-9EB4-D20EDF2267FE}.Debug Client|x86.Build.0 = Debug|Win32
		{8737C6B2-208B-40A8-9EB4-D20EDF2267FE}.Debug|x64.ActiveCfg = Debug|Win32
		{8737C6B2-208B-40A8-9EB4-D20EDF2267FE}.Debug|x64.Build.0 = Debug|Win32
		{8737C6B2-208B-40A8-9EB4-D20EDF2267FE}.Debug|x86.ActiveCfg = Debug|Win32
		{8737C6B2-208B-40A8-9EB4-D20EDF2267FE}.Debug|x86.Build.0 = Debug|Win32
		{8737C6B2-208B-40A8-9EB4-D20EDF2267FE}.DLL-Import Debug|x64.ActiveCfg = Release|Win32
		{8737C6B2-208B-40A8-9EB4-D20EDF2267FE}.DLL-Import Debug|x64.Build.0 = Release|Win32
		{8737C6B2-208B-40A8-9EB4-D20EDF2267FE}.DLL-Import Debug|x86.ActiveCfg = Debug|Win32
		{8737C6B2-208B-40A8-9EB4-D20EDF2267FE}.DLL-Import Debug|x86.Build.0 = Debug|Win32
		{8737C6B2-208B-40A8-9EB4-D20EDF2267FE}.DLL-Import Release|x64.ActiveCfg = Release|Win32
		{8737C6B2-208B-40A8-9EB4-D20EDF2267FE}.DLL-Import Release|x64.Build.0 = Release|Win32
		{8737C6B2-208B-40A8-9EB4-D20EDF2267FE}.DLL-Import Release|x86.ActiveCfg = Release|Win32
		{8737C6B2-208B-40A8-9EB4-D20EDF2267FE}.DLL-Import Release|x86.Build.0 = Release|Win32
		{8737C6B2-208B-40A8-9EB4-D20EDF2267FE}.Editor|x64.ActiveCfg = Release|Win32
		{8737C6B2-208B-40A8-9EB4-D20EDF2267FE}.Editor|x64.Build.0 = Release|Win32
		{8737C6B2-208B-40A8-9EB4-D20EDF2267FE}.Editor|x86.ActiveCfg = Release|Win32
		{8737C6B2-208B-40A8-9EB4-D20EDF2267FE}.Editor|x86.Build.0 = Release|Win32
		{8737C6B2-208B-40A8-9EB4-D20EDF2267FE}.IOCP_Release|x64.ActiveCfg = Release|Win32
		{8737C6B2-208B-40A8-9EB4-D20EDF2267FE}.IOCP_Release|x64.Build.0 = Release|Win32
		{8737C6B2-208B-40A8-9EB4-D20EDF2267FE}.IOCP_Release|x86.ActiveCfg = Release|Win32
		{8737C6B2-208B-40A8-9EB4-D20EDF2267FE}.IOCP_Release|x86.Build.0 = Release|Win32
		{8737C6B2-208B-40A8-9EB4-D20EDF2267FE}.Long_Struct_Debug|x64.ActiveCfg = Release|Win32
		{8737C6B2-208B-40A8-9EB4-D20EDF2267FE}.Long_Struct_Debug|x64.Build.0 = Release|Win32
		{8737C6B2-208B-40A8-9EB4-D20EDF2267FE}.Long_Struct_Debug|x86.ActiveCfg = Debug|Win32
		{8737C6B2-208B-40A8-9EB4-D20EDF2267FE}.Long_Struct_Debug|x86.Build.0 = Debug|Win32
		{8737C6B2-208B-40A8-9EB4-D20EDF2267FE}.Long_Struct_Release|x64.ActiveCfg = Release|Win32
		{8737C6B2-208B-40A8-9EB4-D20EDF2267FE}.Long_Struct_Release|x64.Build.0 = Release|Win32
		{8737C6B2-208B-40A8-9EB4-D20EDF2267FE}.Long_Struct_Release|x86.ActiveCfg = Release|Win32
		{8737C6B2-208B-40A8-9EB4-D20EDF2267FE}.Long_Struct_Release|x86.Build.0 = Release|Win32
		{8737C6B2-208B-40A8-9EB4-D20EDF2267FE}.Publish|x64.ActiveCfg = Release|Win32
		{8737C6B2-208B-40A8-9EB4-D20EDF2267FE}.Publish|x64.Build.0 = Release|Win32
		{8737C6B2-208B-40A8-9EB4-D20EDF2267FE}.Publish|x86.ActiveCfg = Release|Win32
		{8737C6B2-208B-40A8-9EB4-D20EDF2267FE}.Publish|x86.Build.0 = Release|Win32
		{8737C6B2-208B-40A8-9EB4-D20EDF2267FE}.Release Client|x64.ActiveCfg = Release|Win32
		{8737C6B2-208B-40A8-9EB4-D20EDF2267FE}.Release Client|x64.Build.0 = Release|Win32
		{8737C6B2-208B-40A8-9EB4-D20EDF2267FE}.Release Client|x86.ActiveCfg = Release|Win32
		{8737C6B2-208B-40A8-9EB4-D20EDF2267FE}.Release Client|x86.Build.0 = Release|Win32
		{8737C6B2-208B-40A8-9EB4-D20EDF2267FE}.Release|x64.ActiveCfg = Release|Win32
		{8737C6B2-208B-40A8-9EB4-D20EDF2267FE}.Release|x64.Build.0 = Release|Win32
		{8737C6B2-208B-40A8-9EB4-D20EDF2267FE}.Release|x86.ActiveCfg = Release|Win32
		{8737C6B2-208B-40A8-9EB4-D20EDF2267FE}.Release|x86.Build.0 = Release|Win32
		{8737C6B2-208B-40A8-9EB4-D20EDF2267FE}.Static Library|x64.ActiveCfg = Release|Win32
		{8737C6B2-208B-40A8-9EB4-D20EDF2267FE}.Static Library|x64.Build.0 = Release|Win32
		{8737C6B2-208B-40A8-9EB4-D20EDF2267FE}.Static Library|x86.ActiveCfg = Release|Win32
		{8737C6B2-208B-40A8-9EB4-D20EDF2267FE}.Static Library|x86.Build.0 = Release|Win32
		{87F3072F-D5DD-436D-8590-4A319891DAD8}.Debug Client|x64.ActiveCfg = Release|Win32
		{87F3072F-D5DD-436D-8590-4A319891DAD8}.Debug Client|x64.Build.0 = Release|Win32
		{87F3072F-D5DD-436D-8590-4A319891DAD8}.Debug Client|x86.ActiveCfg = Debug|Win32
		{87F3072F-D5DD-436D-8590-4A319891DAD8}.Debug Client|x86.Build.0 = Debug|Win32
		{87F3072F-D5DD-436D-8590-4A319891DAD8}.Debug|x64.ActiveCfg = Debug|Win32
		{87F3072F-D5DD-436D-8590-4A319891DAD8}.Debug|x64.Build.0 = Debug|Win32
		{87F3072F-D5DD-436D-8590-4A319891DAD8}.Debug|x86.ActiveCfg = Debug|Win32
		{87F3072F-D5DD-436D-8590-4A319891DAD8}.Debug|x86.Build.0 = Debug|Win32
		{87F3072F-D5DD-436D-8590-4A319891DAD8}.DLL-Import Debug|x64.ActiveCfg = Release|Win32
		{87F3072F-D5DD-436D-8590-4A319891DAD8}.DLL-Import Debug|x64.Build.0 = Release|Win32
		{87F3072F-D5DD-436D-8590-4A319891DAD8}.DLL-Import Debug|x86.ActiveCfg = Debug|Win32
		{87F3072F-D5DD-436D-8590-4A319891DAD8}.DLL-Import Debug|x86.Build.0 = Debug|Win32
		{87F3072F-D5DD-436D-8590-4A319891DAD8}.DLL-Import Release|x64.ActiveCfg = Release|Win32
		{87F3072F-D5DD-436D-8590-4A319891DAD8}.DLL-Import Release|x64.Build.0 = Release|Win32
		{87F3072F-D5DD-436D-8590-4A319891DAD8}.DLL-Import Release|x86.ActiveCfg = Release|Win32
		{87F3072F-D5DD-436D-8590-4A319891DAD8}.DLL-Import Release|x86.Build.0 = Release|Win32
		{87F3072F-D5DD-436D-8590-4A319891DAD8}.Editor|x64.ActiveCfg = Release|Win32
		{87F3072F-D5DD-436D-8590-4A319891DAD8}.Editor|x64.Build.0 = Release|Win32
		{87F3072F-D5DD-436D-8590-4A319891DAD8}.Editor|x86.ActiveCfg = Release|Win32
		{87F3072F-D5DD-436D-8590-4A319891DAD8}.Editor|x86.Build.0 = Release|Win32
		{87F3072F-D5DD-436D-8590-4A319891DAD8}.IOCP_Release|x64.ActiveCfg = Release|Win32
		{87F3072F-D5DD-436D-8590-4A319891DAD8}.IOCP_Release|x64.Build.0 = Release|Win32
		{87F3072F-D5DD-436D-8590-4A319891DAD8}.IOCP_Release|x86.ActiveCfg = Release|Win32
		{87F3072F-D5DD-436D-8590-4A319891DAD8}.IOCP_Release|x86.Build.0 = Release|Win32
		{87F3072F-D5DD-436D-8590-4A319891DAD8}.Long_Struct_Debug|x64.ActiveCfg = Release|Win32
		{87F3072F-D5DD-436D-8590-4A319891DAD8}.Long_Struct_Debug|x64.Build.0 = Release|Win32
		{87F3072F-D5DD-436D-8590-4A319891DAD8}.Long_Struct_Debug|x86.ActiveCfg = Debug|Win32
		{87F3072F-D5DD-436D-8590-4A319891DAD8}.Long_Struct_Debug|x86.Build.0 = Debug|Win32
		{87F3072F-D5DD-436D-8590-4A319891DAD8}.Long_Struct_Release|x64.ActiveCfg = Release|Win32
		{87F3072F-D5DD-436D-8590-4A319891DAD8}.Long_Struct_Release|x64.Build.0 = Release|Win32
		{87F3072F-D5DD-436D-8590-4A319891DAD8}.Long_Struct_Release|x86.ActiveCfg = Release|Win32
		{87F3072F-D5DD-436D-8590-4A319891DAD8}.Long_Struct_Release|x86.Build.0 = Release|Win32
		{87F3072F-D5DD-436D-8590-4A319891DAD8}.Publish|x64.ActiveCfg = Release|Win32
		{87F3072F-D5DD-436D-8590-4A319891DAD8}.Publish|x64.Build.0 = Release|Win32
		{87F3072F-D5DD-436D-8590-4A319891DAD8}.Publish|x86.ActiveCfg = Release|Win32
		{87F3072F-D5DD-436D-8590-4A319891DAD8}.Publish|x86.Build.0 = Release|Win32
		{87F3072F-D5DD-436D-8590-4A319891DAD8}.Release Client|x64.ActiveCfg = Release|Win32
		{87F3072F-D5DD-436D-8590-4A319891DAD8}.Release Client|x64.Build.0 = Release|Win32
		{87F3072F-D5DD-436D-8590-4A319891DAD8}.Release Client|x86.ActiveCfg = Release|Win32
		{87F3072F-D5DD-436D-8590-4A319891DAD8}.Release Client|x86.Build.0 = Release|Win32
		{87F3072F-D5DD-436D-8590-4A319891DAD8}.Release|x64.ActiveCfg = Release|Win32
		{87F3072F-D5DD-436D-8590-4A319891DAD8}.Release|x64.Build.0 = Release|Win32
		{87F3072F-D5DD-436D-8590-4A319891DAD8}.Release|x86.ActiveCfg = Release|Win32
		{87F3072F-D5DD-436D-8590-4A319891DAD8}.Release|x86.Build.0 = Release|Win32
		{87F3072F-D5DD-436D-8590-4A319891DAD8}.Static Library|x64.ActiveCfg = Release|Win32
		{87F3072F-D5DD-436D-8590-4A319891DAD8}.Static Library|x64.Build.0 = Release|Win32
		{87F3072F-D5DD-436D-8590-4A319891DAD8}.Static Library|x86.ActiveCfg = Release|Win32
		{87F3072F-D5DD-436D-8590-4A319891DAD8}.Static Library|x86.Build.0 = Release|Win32
		{525C57F1-D1F3-4AD2-B31D-F63CEEBA8BA6}.Debug Client|x64.ActiveCfg = IOCP_Release|Win32
		{525C57F1-D1F3-4AD2-B31D-F63CEEBA8BA6}.Debug Client|x64.Build.0 = IOCP_Release|Win32
		{525C57F1-D1F3-4AD2-B31D-F63CEEBA8BA6}.Debug Client|x86.ActiveCfg = Debug|Win32
		{525C57F1-D1F3-4AD2-B31D-F63CEEBA8BA6}.Debug Client|x86.Build.0 = Debug|Win32
		{525C57F1-D1F3-4AD2-B31D-F63CEEBA8BA6}.Debug|x64.ActiveCfg = Debug|Win32
		{525C57F1-D1F3-4AD2-B31D-F63CEEBA8BA6}.Debug|x64.Build.0 = Debug|Win32
		{525C57F1-D1F3-4AD2-B31D-F63CEEBA8BA6}.Debug|x86.ActiveCfg = Debug|Win32
		{525C57F1-D1F3-4AD2-B31D-F63CEEBA8BA6}.Debug|x86.Build.0 = Debug|Win32
		{525C57F1-D1F3-4AD2-B31D-F63CEEBA8BA6}.DLL-Import Debug|x64.ActiveCfg = IOCP_Release|Win32
		{525C57F1-D1F3-4AD2-B31D-F63CEEBA8BA6}.DLL-Import Debug|x64.Build.0 = IOCP_Release|Win32
		{525C57F1-D1F3-4AD2-B31D-F63CEEBA8BA6}.DLL-Import Debug|x86.ActiveCfg = Debug|Win32
		{525C57F1-D1F3-4AD2-B31D-F63CEEBA8BA6}.DLL-Import Debug|x86.Build.0 = Debug|Win32
		{525C57F1-D1F3-4AD2-B31D-F63CEEBA8BA6}.DLL-Import Release|x64.ActiveCfg = IOCP_Release|Win32
		{525C57F1-D1F3-4AD2-B31D-F63CEEBA8BA6}.DLL-Import Release|x64.Build.0 = IOCP_Release|Win32
		{525C57F1-D1F3-4AD2-B31D-F63CEEBA8BA6}.DLL-Import Release|x86.ActiveCfg = Release|Win32
		{525C57F1-D1F3-4AD2-B31D-F63CEEBA8BA6}.DLL-Import Release|x86.Build.0 = Release|Win32
		{525C57F1-D1F3-4AD2-B31D-F63CEEBA8BA6}.Editor|x64.ActiveCfg = IOCP_Release|Win32
		{525C57F1-D1F3-4AD2-B31D-F63CEEBA8BA6}.Editor|x64.Build.0 = IOCP_Release|Win32
		{525C57F1-D1F3-4AD2-B31D-F63CEEBA8BA6}.Editor|x86.ActiveCfg = Debug|Win32
		{525C57F1-D1F3-4AD2-B31D-F63CEEBA8BA6}.Editor|x86.Build.0 = Debug|Win32
		{525C57F1-D1F3-4AD2-B31D-F63CEEBA8BA6}.IOCP_Release|x64.ActiveCfg = IOCP_Release|Win32
		{525C57F1-D1F3-4AD2-B31D-F63CEEBA8BA6}.IOCP_Release|x86.ActiveCfg = IOCP_Release|Win32
		{525C57F1-D1F3-4AD2-B31D-F63CEEBA8BA6}.IOCP_Release|x86.Build.0 = IOCP_Release|Win32
		{525C57F1-D1F3-4AD2-B31D-F63CEEBA8BA6}.Long_Struct_Debug|x64.ActiveCfg = IOCP_Release|Win32
		{525C57F1-D1F3-4AD2-B31D-F63CEEBA8BA6}.Long_Struct_Debug|x64.Build.0 = IOCP_Release|Win32
		{525C57F1-D1F3-4AD2-B31D-F63CEEBA8BA6}.Long_Struct_Debug|x86.ActiveCfg = Debug|Win32
		{525C57F1-D1F3-4AD2-B31D-F63CEEBA8BA6}.Long_Struct_Debug|x86.Build.0 = Debug|Win32
		{525C57F1-D1F3-4AD2-B31D-F63CEEBA8BA6}.Long_Struct_Release|x64.ActiveCfg = IOCP_Release|Win32
		{525C57F1-D1F3-4AD2-B31D-F63CEEBA8BA6}.Long_Struct_Release|x64.Build.0 = IOCP_Release|Win32
		{525C57F1-D1F3-4AD2-B31D-F63CEEBA8BA6}.Long_Struct_Release|x86.ActiveCfg = Release|Win32
		{525C57F1-D1F3-4AD2-B31D-F63CEEBA8BA6}.Long_Struct_Release|x86.Build.0 = Release|Win32
		{525C57F1-D1F3-4AD2-B31D-F63CEEBA8BA6}.Publish|x64.ActiveCfg = IOCP_Release|Win32
		{525C57F1-D1F3-4AD2-B31D-F63CEEBA8BA6}.Publish|x64.Build.0 = IOCP_Release|Win32
		{525C57F1-D1F3-4AD2-B31D-F63CEEBA8BA6}.Publish|x86.ActiveCfg = Debug|Win32
		{525C57F1-D1F3-4AD2-B31D-F63CEEBA8BA6}.Publish|x86.Build.0 = Debug|Win32
		{525C57F1-D1F3-4AD2-B31D-F63CEEBA8BA6}.Release Client|x64.ActiveCfg = IOCP_Release|Win32
		{525C57F1-D1F3-4AD2-B31D-F63CEEBA8BA6}.Release Client|x64.Build.0 = IOCP_Release|Win32
		{525C57F1-D1F3-4AD2-B31D-F63CEEBA8BA6}.Release Client|x86.ActiveCfg = Release|Win32
		{525C57F1-D1F3-4AD2-B31D-F63CEEBA8BA6}.Release Client|x86.Build.0 = Release|Win32
		{525C57F1-D1F3-4AD2-B31D-F63CEEBA8BA6}.Release|x64.ActiveCfg = Release|Win32
		{525C57F1-D1F3-4AD2-B31D-F63CEEBA8BA6}.Release|x64.Build.0 = Release|Win32
		{525C57F1-D1F3-4AD2-B31D-F63CEEBA8BA6}.Release|x86.ActiveCfg = Release|Win32
		{525C57F1-D1F3-4AD2-B31D-F63CEEBA8BA6}.Release|x86.Build.0 = Release|Win32
		{525C57F1-D1F3-4AD2-B31D-F63CEEBA8BA6}.Static Library|x64.ActiveCfg = IOCP_Release|Win32
		{525C57F1-D1F3-4AD2-B31D-F63CEEBA8BA6}.Static Library|x64.Build.0 = IOCP_Release|Win32
		{525C57F1-D1F3-4AD2-B31D-F63CEEBA8BA6}.Static Library|x86.ActiveCfg = Debug|Win32
		{525C57F1-D1F3-4AD2-B31D-F63CEEBA8BA6}.Static Library|x86.Build.0 = Debug|Win32
	EndGlobalSection
	GlobalSection(SolutionProperties) = preSolution
		HideSolutionNode = FALSE
	EndGlobalSection
	GlobalSection(NestedProjects) = preSolution
		{3A1C94CD-CCBA-4F62-9AF1-919B10C582E6} = {8DC175F0-C083-4014-86CD-19C076A26ADC}
		{58B6753C-75DA-449A-97F9-3B26DA4B6FB5} = {8DC175F0-C083-4014-86CD-19C076A26ADC}
		{C39F4B46-6E89-4074-902E-CA57073044D2} = {8DC175F0-C083-4014-86CD-19C076A26ADC}
		{C8FF6997-B107-46E6-88E1-F804DABD9F77} = {8DC175F0-C083-4014-86CD-19C076A26ADC}
		{3A1C94CD-CCBA-4F62-9AF1-919B10C582E3} = {8DC175F0-C083-4014-86CD-19C076A26ADC}
		{3AA5DEA3-24EA-4B23-92E6-3D5905FA38C6} = {8DC175F0-C083-4014-86CD-19C076A26ADC}
		{C9B950BB-F1B8-4274-B077-E07B16A16F1B} = {8DC175F0-C083-4014-86CD-19C076A26ADC}
		{8C999608-91A8-4A85-BCD8-975B65EEC5F4} = {8DC175F0-C083-4014-86CD-19C076A26ADC}
		{1BDA542A-FAFB-4B7B-B7BD-3AD14BB78768} = {8DC175F0-C083-4014-86CD-19C076A26ADC}
		{C2367211-6B3D-4ECC-9BD1-31A4E10CA7B9} = {C6E87614-8FBE-4414-A62D-899D928CCCE6}
		{9AD19308-7666-4545-9798-6A7EE1FB6284} = {C6E87614-8FBE-4414-A62D-899D928CCCE6}
		{99224C57-5613-46AD-91B4-A8B86989F615} = {C6E87614-8FBE-4414-A62D-899D928CCCE6}
		{595AD564-2531-4FB6-A058-81D42E7697A4} = {7A1D98A7-BDBD-4B7A-A503-93CA36F097DC}
		{8661B70A-8D22-4082-9E71-00312294DF0F} = {7A1D98A7-BDBD-4B7A-A503-93CA36F097DC}
		{A2C79674-2511-4784-B82C-D75DE84C7FFE} = {08875020-0735-4B4B-8529-B3B103E05C4A}
		{8737C6B2-208B-40A8-9EB4-D20EDF2267FE} = {08875020-0735-4B4B-8529-B3B103E05C4A}
		{87F3072F-D5DD-436D-8590-4A319891DAD8} = {08875020-0735-4B4B-8529-B3B103E05C4A}
		{525C57F1-D1F3-4AD2-B31D-F63CEEBA8BA6} = {08875020-0735-4B4B-8529-B3B103E05C4A}
	EndGlobalSection
	GlobalSection(ExtensibilityGlobals) = postSolution
		SolutionGuid = {1BE55185-0ACC-46D0-943E-FAB5774FEA98}
	EndGlobalSection
EndGlobal
